// !$*UTF8*$!
{
	archiveVersion = 1;
	classes = {
	};
	objectVersion = 46;
	objects = {

/* Begin PBXBuildFile section */
		700F969A199E1049009E5E52 /* libz.dylib in Frameworks */ = {isa = PBXBuildFile; fileRef = 700F9699199E1049009E5E52 /* libz.dylib */; };
		7028135919F8008C00643D17 /* KVCBaseObject.m in Sources */ = {isa = PBXBuildFile; fileRef = 7028132F19F8008C00643D17 /* KVCBaseObject.m */; settings = {COMPILER_FLAGS = "-fno-objc-arc"; }; };
		7028135A19F8008C00643D17 /* ASIAuthenticationDialog.m in Sources */ = {isa = PBXBuildFile; fileRef = 7028133519F8008C00643D17 /* ASIAuthenticationDialog.m */; settings = {COMPILER_FLAGS = "-fno-objc-arc"; }; };
		7028135B19F8008C00643D17 /* ASIDataCompressor.m in Sources */ = {isa = PBXBuildFile; fileRef = 7028133819F8008C00643D17 /* ASIDataCompressor.m */; settings = {COMPILER_FLAGS = "-fno-objc-arc"; }; };
		7028135C19F8008C00643D17 /* ASIDataDecompressor.m in Sources */ = {isa = PBXBuildFile; fileRef = 7028133A19F8008C00643D17 /* ASIDataDecompressor.m */; settings = {COMPILER_FLAGS = "-fno-objc-arc"; }; };
		7028135D19F8008C00643D17 /* ASIDownloadCache.m in Sources */ = {isa = PBXBuildFile; fileRef = 7028133C19F8008C00643D17 /* ASIDownloadCache.m */; settings = {COMPILER_FLAGS = "-fno-objc-arc"; }; };
		7028135E19F8008C00643D17 /* ASIFormDataRequest.m in Sources */ = {isa = PBXBuildFile; fileRef = 7028133E19F8008C00643D17 /* ASIFormDataRequest.m */; settings = {COMPILER_FLAGS = "-fno-objc-arc"; }; };
		7028135F19F8008C00643D17 /* ASIHTTPRequest.m in Sources */ = {isa = PBXBuildFile; fileRef = 7028134019F8008C00643D17 /* ASIHTTPRequest.m */; settings = {COMPILER_FLAGS = "-fno-objc-arc"; }; };
		7028136019F8008C00643D17 /* ASIInputStream.m in Sources */ = {isa = PBXBuildFile; fileRef = 7028134419F8008C00643D17 /* ASIInputStream.m */; settings = {COMPILER_FLAGS = "-fno-objc-arc"; }; };
		7028136119F8008C00643D17 /* ASINetworkQueue.m in Sources */ = {isa = PBXBuildFile; fileRef = 7028134619F8008C00643D17 /* ASINetworkQueue.m */; settings = {COMPILER_FLAGS = "-fno-objc-arc"; }; };
		7028136219F8008C00643D17 /* Reachability.m in Sources */ = {isa = PBXBuildFile; fileRef = 7028134A19F8008C00643D17 /* Reachability.m */; settings = {COMPILER_FLAGS = "-fno-objc-arc"; }; };
		7028136319F8008C00643D17 /* NSObject+SBJSON.m in Sources */ = {isa = PBXBuildFile; fileRef = 7028134E19F8008C00643D17 /* NSObject+SBJSON.m */; settings = {COMPILER_FLAGS = "-fno-objc-arc"; }; };
		7028136419F8008C00643D17 /* NSString+SBJSON.m in Sources */ = {isa = PBXBuildFile; fileRef = 7028135019F8008C00643D17 /* NSString+SBJSON.m */; settings = {COMPILER_FLAGS = "-fno-objc-arc"; }; };
		7028136519F8008C00643D17 /* SBJSON.m in Sources */ = {isa = PBXBuildFile; fileRef = 7028135219F8008C00643D17 /* SBJSON.m */; settings = {COMPILER_FLAGS = "-fno-objc-arc"; }; };
		7028136619F8008C00643D17 /* SBJsonBase.m in Sources */ = {isa = PBXBuildFile; fileRef = 7028135419F8008C00643D17 /* SBJsonBase.m */; settings = {COMPILER_FLAGS = "-fno-objc-arc"; }; };
		7028136719F8008C00643D17 /* SBJsonParser.m in Sources */ = {isa = PBXBuildFile; fileRef = 7028135619F8008C00643D17 /* SBJsonParser.m */; settings = {COMPILER_FLAGS = "-fno-objc-arc"; }; };
		7028136819F8008C00643D17 /* SBJsonWriter.m in Sources */ = {isa = PBXBuildFile; fileRef = 7028135819F8008C00643D17 /* SBJsonWriter.m */; settings = {COMPILER_FLAGS = "-fno-objc-arc"; }; };
		7028136C19F800FB00643D17 /* JHBaseAPI.m in Sources */ = {isa = PBXBuildFile; fileRef = 7028136B19F800FB00643D17 /* JHBaseAPI.m */; settings = {COMPILER_FLAGS = "-fno-objc-arc"; }; };
		7028137719F8016F00643D17 /* JHLoginViewController.m in Sources */ = {isa = PBXBuildFile; fileRef = 7028136F19F8016F00643D17 /* JHLoginViewController.m */; };
		7028137819F8016F00643D17 /* JHLoginViewController.xib in Resources */ = {isa = PBXBuildFile; fileRef = 7028137019F8016F00643D17 /* JHLoginViewController.xib */; };
		7028137919F8016F00643D17 /* JHRegistrationViewController.m in Sources */ = {isa = PBXBuildFile; fileRef = 7028137219F8016F00643D17 /* JHRegistrationViewController.m */; };
		7028137A19F8016F00643D17 /* JHRegistrationViewController.xib in Resources */ = {isa = PBXBuildFile; fileRef = 7028137319F8016F00643D17 /* JHRegistrationViewController.xib */; };
		7028137B19F8016F00643D17 /* JHTimelineViewController.m in Sources */ = {isa = PBXBuildFile; fileRef = 7028137519F8016F00643D17 /* JHTimelineViewController.m */; };
		7028137C19F8016F00643D17 /* JHTimelineViewController.xib in Resources */ = {isa = PBXBuildFile; fileRef = 7028137619F8016F00643D17 /* JHTimelineViewController.xib */; };
		7028138819F8022200643D17 /* Default-568h@2x.png in Resources */ = {isa = PBXBuildFile; fileRef = 7028137E19F8022200643D17 /* Default-568h@2x.png */; };
		7028138919F8022200643D17 /* Default@2x.png in Resources */ = {isa = PBXBuildFile; fileRef = 7028137F19F8022200643D17 /* Default@2x.png */; };
		7028138A19F8022200643D17 /* login_bg@2x.png in Resources */ = {isa = PBXBuildFile; fileRef = 7028138019F8022200643D17 /* login_bg@2x.png */; };
		7028138B19F8022200643D17 /* login_buton@2x.png in Resources */ = {isa = PBXBuildFile; fileRef = 7028138119F8022200643D17 /* login_buton@2x.png */; };
		7028138C19F8022200643D17 /* login_form@2x.png in Resources */ = {isa = PBXBuildFile; fileRef = 7028138219F8022200643D17 /* login_form@2x.png */; };
		7028138D19F8022200643D17 /* login_logo@2x.png in Resources */ = {isa = PBXBuildFile; fileRef = 7028138319F8022200643D17 /* login_logo@2x.png */; };
		7028138E19F8022200643D17 /* password_icon@2x.png in Resources */ = {isa = PBXBuildFile; fileRef = 7028138419F8022200643D17 /* password_icon@2x.png */; };
		7028138F19F8022200643D17 /* register_buton@2x.png in Resources */ = {isa = PBXBuildFile; fileRef = 7028138519F8022200643D17 /* register_buton@2x.png */; };
		7028139019F8022200643D17 /* separate_form@2x.png in Resources */ = {isa = PBXBuildFile; fileRef = 7028138619F8022200643D17 /* separate_form@2x.png */; };
		7028139119F8022200643D17 /* username_icon@2x.png in Resources */ = {isa = PBXBuildFile; fileRef = 7028138719F8022200643D17 /* username_icon@2x.png */; };
		7028139B19F8038700643D17 /* JHBaseRequest.m in Sources */ = {isa = PBXBuildFile; fileRef = 7028139419F8038700643D17 /* JHBaseRequest.m */; };
		7028139C19F8038700643D17 /* JHBaseResponse.m in Sources */ = {isa = PBXBuildFile; fileRef = 7028139619F8038700643D17 /* JHBaseResponse.m */; };
		7028139D19F8038700643D17 /* JHError.m in Sources */ = {isa = PBXBuildFile; fileRef = 7028139819F8038700643D17 /* JHError.m */; };
		7028139E19F8038700643D17 /* JHResponeMessage.m in Sources */ = {isa = PBXBuildFile; fileRef = 7028139A19F8038700643D17 /* JHResponeMessage.m */; };
		702813A219F803CB00643D17 /* JHWebService.m in Sources */ = {isa = PBXBuildFile; fileRef = 702813A119F803CB00643D17 /* JHWebService.m */; settings = {COMPILER_FLAGS = "-fno-objc-arc"; }; };
		702813AA19F804EE00643D17 /* JHLoginAPI.m in Sources */ = {isa = PBXBuildFile; fileRef = 702813A919F804EE00643D17 /* JHLoginAPI.m */; };
		702813AD19F8061700643D17 /* JHAppDelegate.m in Sources */ = {isa = PBXBuildFile; fileRef = 702813AC19F8061700643D17 /* JHAppDelegate.m */; };
		702813B719F807C200643D17 /* JHActivityManager.m in Sources */ = {isa = PBXBuildFile; fileRef = 702813B019F807C200643D17 /* JHActivityManager.m */; };
		702813B819F807C200643D17 /* JHDataManager.m in Sources */ = {isa = PBXBuildFile; fileRef = 702813B319F807C200643D17 /* JHDataManager.m */; };
		702813B919F807C200643D17 /* JHLocationManager.m in Sources */ = {isa = PBXBuildFile; fileRef = 702813B619F807C200643D17 /* JHLocationManager.m */; };
		702813BC19F8083200643D17 /* JHLoginAPIRequest.m in Sources */ = {isa = PBXBuildFile; fileRef = 702813BB19F8083200643D17 /* JHLoginAPIRequest.m */; };
		702813BF19F8084800643D17 /* JHLoginAPIResponse.m in Sources */ = {isa = PBXBuildFile; fileRef = 702813BE19F8084800643D17 /* JHLoginAPIResponse.m */; };
		702813C219F8287400643D17 /* Utility.m in Sources */ = {isa = PBXBuildFile; fileRef = 702813C119F8287400643D17 /* Utility.m */; };
		703994B91A1C90AB00ECA291 /* MBProgressHUD.m in Sources */ = {isa = PBXBuildFile; fileRef = 703994B61A1C90AB00ECA291 /* MBProgressHUD.m */; };
		703994BA1A1C90AB00ECA291 /* JHHudController.m in Sources */ = {isa = PBXBuildFile; fileRef = 703994B81A1C90AB00ECA291 /* JHHudController.m */; };
		703994BC1A1C9A0800ECA291 /* page_bg@2x.png in Resources */ = {isa = PBXBuildFile; fileRef = 703994BB1A1C9A0800ECA291 /* page_bg@2x.png */; };
		703994BE1A1C9AAD00ECA291 /* translucent_bottom@2x.png in Resources */ = {isa = PBXBuildFile; fileRef = 703994BD1A1C9AAD00ECA291 /* translucent_bottom@2x.png */; };
		703994C01A1C9B5E00ECA291 /* bottom_logo@2x.png in Resources */ = {isa = PBXBuildFile; fileRef = 703994BF1A1C9B5E00ECA291 /* bottom_logo@2x.png */; };
		703994C31A1C9CA000ECA291 /* report_buton@2x.png in Resources */ = {isa = PBXBuildFile; fileRef = 703994C11A1C9CA000ECA291 /* report_buton@2x.png */; };
		703994C41A1C9CA000ECA291 /* report_butonhover@2x.png in Resources */ = {isa = PBXBuildFile; fileRef = 703994C21A1C9CA000ECA291 /* report_butonhover@2x.png */; };
		703994CC1A1CA02400ECA291 /* 1024x1024.png in Resources */ = {isa = PBXBuildFile; fileRef = 703994C61A1CA02400ECA291 /* 1024x1024.png */; };
		703994CD1A1CA02400ECA291 /* 120x120.png in Resources */ = {isa = PBXBuildFile; fileRef = 703994C71A1CA02400ECA291 /* 120x120.png */; };
		703994CE1A1CA02400ECA291 /* 44x44.png in Resources */ = {isa = PBXBuildFile; fileRef = 703994C81A1CA02400ECA291 /* 44x44.png */; };
		703994CF1A1CA02400ECA291 /* 50x50.png in Resources */ = {isa = PBXBuildFile; fileRef = 703994C91A1CA02400ECA291 /* 50x50.png */; };
		703994D01A1CA02400ECA291 /* 58x58.png in Resources */ = {isa = PBXBuildFile; fileRef = 703994CA1A1CA02400ECA291 /* 58x58.png */; };
		703994D11A1CA02400ECA291 /* 80x80.png in Resources */ = {isa = PBXBuildFile; fileRef = 703994CB1A1CA02400ECA291 /* 80x80.png */; };
		703994F61A1CAB8D00ECA291 /* MKAnnotationView+WebCache.m in Sources */ = {isa = PBXBuildFile; fileRef = 703994D61A1CAB8D00ECA291 /* MKAnnotationView+WebCache.m */; };
		703994F71A1CAB8D00ECA291 /* NSData+ImageContentType.m in Sources */ = {isa = PBXBuildFile; fileRef = 703994D81A1CAB8D00ECA291 /* NSData+ImageContentType.m */; };
		703994F81A1CAB8D00ECA291 /* SDImageCache.m in Sources */ = {isa = PBXBuildFile; fileRef = 703994DA1A1CAB8D00ECA291 /* SDImageCache.m */; };
		703994F91A1CAB8D00ECA291 /* SDWebImageCompat.m in Sources */ = {isa = PBXBuildFile; fileRef = 703994DC1A1CAB8D00ECA291 /* SDWebImageCompat.m */; };
		703994FA1A1CAB8D00ECA291 /* SDWebImageDecoder.m in Sources */ = {isa = PBXBuildFile; fileRef = 703994DE1A1CAB8D00ECA291 /* SDWebImageDecoder.m */; };
		703994FB1A1CAB8D00ECA291 /* SDWebImageDownloader.m in Sources */ = {isa = PBXBuildFile; fileRef = 703994E01A1CAB8D00ECA291 /* SDWebImageDownloader.m */; };
		703994FC1A1CAB8D00ECA291 /* SDWebImageDownloaderOperation.m in Sources */ = {isa = PBXBuildFile; fileRef = 703994E21A1CAB8D00ECA291 /* SDWebImageDownloaderOperation.m */; };
		703994FD1A1CAB8D00ECA291 /* SDWebImageManager.m in Sources */ = {isa = PBXBuildFile; fileRef = 703994E41A1CAB8D00ECA291 /* SDWebImageManager.m */; };
		703994FE1A1CAB8D00ECA291 /* SDWebImagePrefetcher.m in Sources */ = {isa = PBXBuildFile; fileRef = 703994E71A1CAB8D00ECA291 /* SDWebImagePrefetcher.m */; };
		703994FF1A1CAB8D00ECA291 /* UIButton+WebCache.m in Sources */ = {isa = PBXBuildFile; fileRef = 703994E91A1CAB8D00ECA291 /* UIButton+WebCache.m */; };
		703995001A1CAB8D00ECA291 /* UIImage+GIF.m in Sources */ = {isa = PBXBuildFile; fileRef = 703994EB1A1CAB8D00ECA291 /* UIImage+GIF.m */; };
		703995011A1CAB8D00ECA291 /* UIImage+MultiFormat.m in Sources */ = {isa = PBXBuildFile; fileRef = 703994ED1A1CAB8D00ECA291 /* UIImage+MultiFormat.m */; };
		703995021A1CAB8D00ECA291 /* UIImage+WebP.m in Sources */ = {isa = PBXBuildFile; fileRef = 703994EF1A1CAB8D00ECA291 /* UIImage+WebP.m */; };
		703995031A1CAB8D00ECA291 /* UIImageView+HighlightedWebCache.m in Sources */ = {isa = PBXBuildFile; fileRef = 703994F11A1CAB8D00ECA291 /* UIImageView+HighlightedWebCache.m */; };
		703995041A1CAB8D00ECA291 /* UIImageView+WebCache.m in Sources */ = {isa = PBXBuildFile; fileRef = 703994F31A1CAB8D00ECA291 /* UIImageView+WebCache.m */; };
		703995051A1CAB8D00ECA291 /* UIView+WebCacheOperation.m in Sources */ = {isa = PBXBuildFile; fileRef = 703994F51A1CAB8D00ECA291 /* UIView+WebCacheOperation.m */; };
		703995071A1CC31300ECA291 /* top_header@2x.png in Resources */ = {isa = PBXBuildFile; fileRef = 703995061A1CC31300ECA291 /* top_header@2x.png */; };
		7039950C1A1CC3A900ECA291 /* et_icon@2x.png in Resources */ = {isa = PBXBuildFile; fileRef = 703995081A1CC3A900ECA291 /* et_icon@2x.png */; };
		7039950D1A1CC3A900ECA291 /* et_iconhover@2x.png in Resources */ = {isa = PBXBuildFile; fileRef = 703995091A1CC3A900ECA291 /* et_iconhover@2x.png */; };
		7039950E1A1CC3A900ECA291 /* not_icon@2x.png in Resources */ = {isa = PBXBuildFile; fileRef = 7039950A1A1CC3A900ECA291 /* not_icon@2x.png */; };
		7039950F1A1CC3A900ECA291 /* not_iconhover@2x.png in Resources */ = {isa = PBXBuildFile; fileRef = 7039950B1A1CC3A900ECA291 /* not_iconhover@2x.png */; };
		703995111A1CC46E00ECA291 /* menu_select@2x.png in Resources */ = {isa = PBXBuildFile; fileRef = 703995101A1CC46E00ECA291 /* menu_select@2x.png */; };
		7075D1201A17ED190095AA05 /* JHTimelineCell.m in Sources */ = {isa = PBXBuildFile; fileRef = 7075D11E1A17ED190095AA05 /* JHTimelineCell.m */; };
		7075D1211A17ED190095AA05 /* JHTimelineCell.xib in Resources */ = {isa = PBXBuildFile; fileRef = 7075D11F1A17ED190095AA05 /* JHTimelineCell.xib */; };
		70761A371A1DA6DD00FE644F /* JASidePanelController.m in Sources */ = {isa = PBXBuildFile; fileRef = 70761A341A1DA6DD00FE644F /* JASidePanelController.m */; };
		70761A381A1DA6DD00FE644F /* UIViewController+JASidePanel.m in Sources */ = {isa = PBXBuildFile; fileRef = 70761A361A1DA6DD00FE644F /* UIViewController+JASidePanel.m */; };
		70761A3C1A1DA97B00FE644F /* JHLeftPanelViewController.m in Sources */ = {isa = PBXBuildFile; fileRef = 70761A3A1A1DA97B00FE644F /* JHLeftPanelViewController.m */; };
		70761A3D1A1DA97B00FE644F /* JHLeftPanelViewController.xib in Resources */ = {isa = PBXBuildFile; fileRef = 70761A3B1A1DA97B00FE644F /* JHLeftPanelViewController.xib */; };
		70761A411A1DBCF600FE644F /* JHLogoutAPIRequest.m in Sources */ = {isa = PBXBuildFile; fileRef = 70761A401A1DBCF600FE644F /* JHLogoutAPIRequest.m */; };
		70761A441A1DBD3500FE644F /* JHLogoutAPIResponse.m in Sources */ = {isa = PBXBuildFile; fileRef = 70761A431A1DBD3500FE644F /* JHLogoutAPIResponse.m */; };
		70761A471A1DBD4800FE644F /* JHLogoutAPI.m in Sources */ = {isa = PBXBuildFile; fileRef = 70761A461A1DBD4800FE644F /* JHLogoutAPI.m */; };
		70AE03AA1A3A12D600FF3074 /* JHCareTask.m in Sources */ = {isa = PBXBuildFile; fileRef = 70AE03A91A3A12D600FF3074 /* JHCareTask.m */; };
		70AE03AD1A3A13E000FF3074 /* JHAlert.m in Sources */ = {isa = PBXBuildFile; fileRef = 70AE03AC1A3A13E000FF3074 /* JHAlert.m */; };
		70C366C919F8712100B5F30B /* Localizable.strings in Resources */ = {isa = PBXBuildFile; fileRef = 70C366C819F8712100B5F30B /* Localizable.strings */; };
		70C366CC19F9708800B5F30B /* JHBaseViewController.m in Sources */ = {isa = PBXBuildFile; fileRef = 70C366CB19F9708800B5F30B /* JHBaseViewController.m */; };
		70F10A8D19706C92002513D1 /* Foundation.framework in Frameworks */ = {isa = PBXBuildFile; fileRef = 70F10A8C19706C92002513D1 /* Foundation.framework */; };
		70F10A8F19706C92002513D1 /* CoreGraphics.framework in Frameworks */ = {isa = PBXBuildFile; fileRef = 70F10A8E19706C92002513D1 /* CoreGraphics.framework */; };
		70F10A9119706C92002513D1 /* UIKit.framework in Frameworks */ = {isa = PBXBuildFile; fileRef = 70F10A9019706C92002513D1 /* UIKit.framework */; };
		70F10A9719706C92002513D1 /* InfoPlist.strings in Resources */ = {isa = PBXBuildFile; fileRef = 70F10A9519706C92002513D1 /* InfoPlist.strings */; };
		70F10A9919706C92002513D1 /* main.m in Sources */ = {isa = PBXBuildFile; fileRef = 70F10A9819706C92002513D1 /* main.m */; };
		70F10A9F19706C92002513D1 /* Images.xcassets in Resources */ = {isa = PBXBuildFile; fileRef = 70F10A9E19706C92002513D1 /* Images.xcassets */; };
		70F10AA619706C92002513D1 /* XCTest.framework in Frameworks */ = {isa = PBXBuildFile; fileRef = 70F10AA519706C92002513D1 /* XCTest.framework */; };
		70F10AA719706C92002513D1 /* Foundation.framework in Frameworks */ = {isa = PBXBuildFile; fileRef = 70F10A8C19706C92002513D1 /* Foundation.framework */; };
		70F10AA819706C92002513D1 /* UIKit.framework in Frameworks */ = {isa = PBXBuildFile; fileRef = 70F10A9019706C92002513D1 /* UIKit.framework */; };
		70F10AB019706C92002513D1 /* InfoPlist.strings in Resources */ = {isa = PBXBuildFile; fileRef = 70F10AAE19706C92002513D1 /* InfoPlist.strings */; };
		70F10AB219706C92002513D1 /* EncourageTests.m in Sources */ = {isa = PBXBuildFile; fileRef = 70F10AB119706C92002513D1 /* EncourageTests.m */; };
		70F58CD01A128F79004A065E /* JHTimelineAPIRequest.m in Sources */ = {isa = PBXBuildFile; fileRef = 70F58CCF1A128F79004A065E /* JHTimelineAPIRequest.m */; };
		70F58CD31A1291BC004A065E /* JHTimelineAPIResponse.m in Sources */ = {isa = PBXBuildFile; fileRef = 70F58CD21A1291BC004A065E /* JHTimelineAPIResponse.m */; };
		70F58CD61A1292EB004A065E /* JHTimelineItem.m in Sources */ = {isa = PBXBuildFile; fileRef = 70F58CD51A1292EB004A065E /* JHTimelineItem.m */; };
		70F58CD91A1293FB004A065E /* JHTimelineDetailItem.m in Sources */ = {isa = PBXBuildFile; fileRef = 70F58CD81A1293FB004A065E /* JHTimelineDetailItem.m */; };
		70F58CDC1A129653004A065E /* JHTimelineAPI.m in Sources */ = {isa = PBXBuildFile; fileRef = 70F58CDB1A129653004A065E /* JHTimelineAPI.m */; };
/* End PBXBuildFile section */

/* Begin PBXContainerItemProxy section */
		70F10AA919706C92002513D1 /* PBXContainerItemProxy */ = {
			isa = PBXContainerItemProxy;
			containerPortal = 70F10A8119706C92002513D1 /* Project object */;
			proxyType = 1;
			remoteGlobalIDString = 70F10A8819706C92002513D1;
			remoteInfo = Encourage;
		};
/* End PBXContainerItemProxy section */

/* Begin PBXFileReference section */
		700F9699199E1049009E5E52 /* libz.dylib */ = {isa = PBXFileReference; lastKnownFileType = "compiled.mach-o.dylib"; name = libz.dylib; path = usr/lib/libz.dylib; sourceTree = SDKROOT; };
		7028132E19F8008C00643D17 /* KVCBaseObject.h */ = {isa = PBXFileReference; fileEncoding = 4; lastKnownFileType = sourcecode.c.h; path = KVCBaseObject.h; sourceTree = "<group>"; };
		7028132F19F8008C00643D17 /* KVCBaseObject.m */ = {isa = PBXFileReference; fileEncoding = 4; lastKnownFileType = sourcecode.c.objc; path = KVCBaseObject.m; sourceTree = "<group>"; };
		7028133419F8008C00643D17 /* ASIAuthenticationDialog.h */ = {isa = PBXFileReference; fileEncoding = 4; lastKnownFileType = sourcecode.c.h; path = ASIAuthenticationDialog.h; sourceTree = "<group>"; };
		7028133519F8008C00643D17 /* ASIAuthenticationDialog.m */ = {isa = PBXFileReference; fileEncoding = 4; lastKnownFileType = sourcecode.c.objc; path = ASIAuthenticationDialog.m; sourceTree = "<group>"; };
		7028133619F8008C00643D17 /* ASICacheDelegate.h */ = {isa = PBXFileReference; fileEncoding = 4; lastKnownFileType = sourcecode.c.h; path = ASICacheDelegate.h; sourceTree = "<group>"; };
		7028133719F8008C00643D17 /* ASIDataCompressor.h */ = {isa = PBXFileReference; fileEncoding = 4; lastKnownFileType = sourcecode.c.h; path = ASIDataCompressor.h; sourceTree = "<group>"; };
		7028133819F8008C00643D17 /* ASIDataCompressor.m */ = {isa = PBXFileReference; fileEncoding = 4; lastKnownFileType = sourcecode.c.objc; path = ASIDataCompressor.m; sourceTree = "<group>"; };
		7028133919F8008C00643D17 /* ASIDataDecompressor.h */ = {isa = PBXFileReference; fileEncoding = 4; lastKnownFileType = sourcecode.c.h; path = ASIDataDecompressor.h; sourceTree = "<group>"; };
		7028133A19F8008C00643D17 /* ASIDataDecompressor.m */ = {isa = PBXFileReference; fileEncoding = 4; lastKnownFileType = sourcecode.c.objc; path = ASIDataDecompressor.m; sourceTree = "<group>"; };
		7028133B19F8008C00643D17 /* ASIDownloadCache.h */ = {isa = PBXFileReference; fileEncoding = 4; lastKnownFileType = sourcecode.c.h; path = ASIDownloadCache.h; sourceTree = "<group>"; };
		7028133C19F8008C00643D17 /* ASIDownloadCache.m */ = {isa = PBXFileReference; fileEncoding = 4; lastKnownFileType = sourcecode.c.objc; path = ASIDownloadCache.m; sourceTree = "<group>"; };
		7028133D19F8008C00643D17 /* ASIFormDataRequest.h */ = {isa = PBXFileReference; fileEncoding = 4; lastKnownFileType = sourcecode.c.h; path = ASIFormDataRequest.h; sourceTree = "<group>"; };
		7028133E19F8008C00643D17 /* ASIFormDataRequest.m */ = {isa = PBXFileReference; fileEncoding = 4; lastKnownFileType = sourcecode.c.objc; path = ASIFormDataRequest.m; sourceTree = "<group>"; };
		7028133F19F8008C00643D17 /* ASIHTTPRequest.h */ = {isa = PBXFileReference; fileEncoding = 4; lastKnownFileType = sourcecode.c.h; path = ASIHTTPRequest.h; sourceTree = "<group>"; };
		7028134019F8008C00643D17 /* ASIHTTPRequest.m */ = {isa = PBXFileReference; fileEncoding = 4; lastKnownFileType = sourcecode.c.objc; path = ASIHTTPRequest.m; sourceTree = "<group>"; };
		7028134119F8008C00643D17 /* ASIHTTPRequestConfig.h */ = {isa = PBXFileReference; fileEncoding = 4; lastKnownFileType = sourcecode.c.h; path = ASIHTTPRequestConfig.h; sourceTree = "<group>"; };
		7028134219F8008C00643D17 /* ASIHTTPRequestDelegate.h */ = {isa = PBXFileReference; fileEncoding = 4; lastKnownFileType = sourcecode.c.h; path = ASIHTTPRequestDelegate.h; sourceTree = "<group>"; };
		7028134319F8008C00643D17 /* ASIInputStream.h */ = {isa = PBXFileReference; fileEncoding = 4; lastKnownFileType = sourcecode.c.h; path = ASIInputStream.h; sourceTree = "<group>"; };
		7028134419F8008C00643D17 /* ASIInputStream.m */ = {isa = PBXFileReference; fileEncoding = 4; lastKnownFileType = sourcecode.c.objc; path = ASIInputStream.m; sourceTree = "<group>"; };
		7028134519F8008C00643D17 /* ASINetworkQueue.h */ = {isa = PBXFileReference; fileEncoding = 4; lastKnownFileType = sourcecode.c.h; path = ASINetworkQueue.h; sourceTree = "<group>"; };
		7028134619F8008C00643D17 /* ASINetworkQueue.m */ = {isa = PBXFileReference; fileEncoding = 4; lastKnownFileType = sourcecode.c.objc; path = ASINetworkQueue.m; sourceTree = "<group>"; };
		7028134719F8008C00643D17 /* ASIProgressDelegate.h */ = {isa = PBXFileReference; fileEncoding = 4; lastKnownFileType = sourcecode.c.h; path = ASIProgressDelegate.h; sourceTree = "<group>"; };
		7028134919F8008C00643D17 /* Reachability.h */ = {isa = PBXFileReference; fileEncoding = 4; lastKnownFileType = sourcecode.c.h; path = Reachability.h; sourceTree = "<group>"; };
		7028134A19F8008C00643D17 /* Reachability.m */ = {isa = PBXFileReference; fileEncoding = 4; lastKnownFileType = sourcecode.c.objc; path = Reachability.m; sourceTree = "<group>"; };
		7028134C19F8008C00643D17 /* JSON.h */ = {isa = PBXFileReference; fileEncoding = 4; lastKnownFileType = sourcecode.c.h; path = JSON.h; sourceTree = "<group>"; };
		7028134D19F8008C00643D17 /* NSObject+SBJSON.h */ = {isa = PBXFileReference; fileEncoding = 4; lastKnownFileType = sourcecode.c.h; path = "NSObject+SBJSON.h"; sourceTree = "<group>"; };
		7028134E19F8008C00643D17 /* NSObject+SBJSON.m */ = {isa = PBXFileReference; fileEncoding = 4; lastKnownFileType = sourcecode.c.objc; path = "NSObject+SBJSON.m"; sourceTree = "<group>"; };
		7028134F19F8008C00643D17 /* NSString+SBJSON.h */ = {isa = PBXFileReference; fileEncoding = 4; lastKnownFileType = sourcecode.c.h; path = "NSString+SBJSON.h"; sourceTree = "<group>"; };
		7028135019F8008C00643D17 /* NSString+SBJSON.m */ = {isa = PBXFileReference; fileEncoding = 4; lastKnownFileType = sourcecode.c.objc; path = "NSString+SBJSON.m"; sourceTree = "<group>"; };
		7028135119F8008C00643D17 /* SBJSON.h */ = {isa = PBXFileReference; fileEncoding = 4; lastKnownFileType = sourcecode.c.h; path = SBJSON.h; sourceTree = "<group>"; };
		7028135219F8008C00643D17 /* SBJSON.m */ = {isa = PBXFileReference; fileEncoding = 4; lastKnownFileType = sourcecode.c.objc; path = SBJSON.m; sourceTree = "<group>"; };
		7028135319F8008C00643D17 /* SBJsonBase.h */ = {isa = PBXFileReference; fileEncoding = 4; lastKnownFileType = sourcecode.c.h; path = SBJsonBase.h; sourceTree = "<group>"; };
		7028135419F8008C00643D17 /* SBJsonBase.m */ = {isa = PBXFileReference; fileEncoding = 4; lastKnownFileType = sourcecode.c.objc; path = SBJsonBase.m; sourceTree = "<group>"; };
		7028135519F8008C00643D17 /* SBJsonParser.h */ = {isa = PBXFileReference; fileEncoding = 4; lastKnownFileType = sourcecode.c.h; path = SBJsonParser.h; sourceTree = "<group>"; };
		7028135619F8008C00643D17 /* SBJsonParser.m */ = {isa = PBXFileReference; fileEncoding = 4; lastKnownFileType = sourcecode.c.objc; path = SBJsonParser.m; sourceTree = "<group>"; };
		7028135719F8008C00643D17 /* SBJsonWriter.h */ = {isa = PBXFileReference; fileEncoding = 4; lastKnownFileType = sourcecode.c.h; path = SBJsonWriter.h; sourceTree = "<group>"; };
		7028135819F8008C00643D17 /* SBJsonWriter.m */ = {isa = PBXFileReference; fileEncoding = 4; lastKnownFileType = sourcecode.c.objc; path = SBJsonWriter.m; sourceTree = "<group>"; };
		7028136A19F800FB00643D17 /* JHBaseAPI.h */ = {isa = PBXFileReference; fileEncoding = 4; lastKnownFileType = sourcecode.c.h; path = JHBaseAPI.h; sourceTree = "<group>"; };
		7028136B19F800FB00643D17 /* JHBaseAPI.m */ = {isa = PBXFileReference; fileEncoding = 4; lastKnownFileType = sourcecode.c.objc; path = JHBaseAPI.m; sourceTree = "<group>"; };
		7028136E19F8016F00643D17 /* JHLoginViewController.h */ = {isa = PBXFileReference; fileEncoding = 4; lastKnownFileType = sourcecode.c.h; path = JHLoginViewController.h; sourceTree = "<group>"; };
		7028136F19F8016F00643D17 /* JHLoginViewController.m */ = {isa = PBXFileReference; fileEncoding = 4; lastKnownFileType = sourcecode.c.objc; path = JHLoginViewController.m; sourceTree = "<group>"; };
		7028137019F8016F00643D17 /* JHLoginViewController.xib */ = {isa = PBXFileReference; fileEncoding = 4; lastKnownFileType = file.xib; path = JHLoginViewController.xib; sourceTree = "<group>"; };
		7028137119F8016F00643D17 /* JHRegistrationViewController.h */ = {isa = PBXFileReference; fileEncoding = 4; lastKnownFileType = sourcecode.c.h; path = JHRegistrationViewController.h; sourceTree = "<group>"; };
		7028137219F8016F00643D17 /* JHRegistrationViewController.m */ = {isa = PBXFileReference; fileEncoding = 4; lastKnownFileType = sourcecode.c.objc; path = JHRegistrationViewController.m; sourceTree = "<group>"; };
		7028137319F8016F00643D17 /* JHRegistrationViewController.xib */ = {isa = PBXFileReference; fileEncoding = 4; lastKnownFileType = file.xib; path = JHRegistrationViewController.xib; sourceTree = "<group>"; };
		7028137419F8016F00643D17 /* JHTimelineViewController.h */ = {isa = PBXFileReference; fileEncoding = 4; lastKnownFileType = sourcecode.c.h; path = JHTimelineViewController.h; sourceTree = "<group>"; };
		7028137519F8016F00643D17 /* JHTimelineViewController.m */ = {isa = PBXFileReference; fileEncoding = 4; lastKnownFileType = sourcecode.c.objc; path = JHTimelineViewController.m; sourceTree = "<group>"; };
		7028137619F8016F00643D17 /* JHTimelineViewController.xib */ = {isa = PBXFileReference; fileEncoding = 4; lastKnownFileType = file.xib; path = JHTimelineViewController.xib; sourceTree = "<group>"; };
		7028137E19F8022200643D17 /* Default-568h@2x.png */ = {isa = PBXFileReference; lastKnownFileType = image.png; path = "Default-568h@2x.png"; sourceTree = "<group>"; };
		7028137F19F8022200643D17 /* Default@2x.png */ = {isa = PBXFileReference; lastKnownFileType = image.png; path = "Default@2x.png"; sourceTree = "<group>"; };
		7028138019F8022200643D17 /* login_bg@2x.png */ = {isa = PBXFileReference; lastKnownFileType = image.png; path = "login_bg@2x.png"; sourceTree = "<group>"; };
		7028138119F8022200643D17 /* login_buton@2x.png */ = {isa = PBXFileReference; lastKnownFileType = image.png; path = "login_buton@2x.png"; sourceTree = "<group>"; };
		7028138219F8022200643D17 /* login_form@2x.png */ = {isa = PBXFileReference; lastKnownFileType = image.png; path = "login_form@2x.png"; sourceTree = "<group>"; };
		7028138319F8022200643D17 /* login_logo@2x.png */ = {isa = PBXFileReference; lastKnownFileType = image.png; path = "login_logo@2x.png"; sourceTree = "<group>"; };
		7028138419F8022200643D17 /* password_icon@2x.png */ = {isa = PBXFileReference; lastKnownFileType = image.png; path = "password_icon@2x.png"; sourceTree = "<group>"; };
		7028138519F8022200643D17 /* register_buton@2x.png */ = {isa = PBXFileReference; lastKnownFileType = image.png; path = "register_buton@2x.png"; sourceTree = "<group>"; };
		7028138619F8022200643D17 /* separate_form@2x.png */ = {isa = PBXFileReference; lastKnownFileType = image.png; path = "separate_form@2x.png"; sourceTree = "<group>"; };
		7028138719F8022200643D17 /* username_icon@2x.png */ = {isa = PBXFileReference; lastKnownFileType = image.png; path = "username_icon@2x.png"; sourceTree = "<group>"; };
		7028139319F8038700643D17 /* JHBaseRequest.h */ = {isa = PBXFileReference; fileEncoding = 4; lastKnownFileType = sourcecode.c.h; path = JHBaseRequest.h; sourceTree = "<group>"; };
		7028139419F8038700643D17 /* JHBaseRequest.m */ = {isa = PBXFileReference; fileEncoding = 4; lastKnownFileType = sourcecode.c.objc; path = JHBaseRequest.m; sourceTree = "<group>"; };
		7028139519F8038700643D17 /* JHBaseResponse.h */ = {isa = PBXFileReference; fileEncoding = 4; lastKnownFileType = sourcecode.c.h; path = JHBaseResponse.h; sourceTree = "<group>"; };
		7028139619F8038700643D17 /* JHBaseResponse.m */ = {isa = PBXFileReference; fileEncoding = 4; lastKnownFileType = sourcecode.c.objc; path = JHBaseResponse.m; sourceTree = "<group>"; };
		7028139719F8038700643D17 /* JHError.h */ = {isa = PBXFileReference; fileEncoding = 4; lastKnownFileType = sourcecode.c.h; path = JHError.h; sourceTree = "<group>"; };
		7028139819F8038700643D17 /* JHError.m */ = {isa = PBXFileReference; fileEncoding = 4; lastKnownFileType = sourcecode.c.objc; path = JHError.m; sourceTree = "<group>"; };
		7028139919F8038700643D17 /* JHResponeMessage.h */ = {isa = PBXFileReference; fileEncoding = 4; lastKnownFileType = sourcecode.c.h; path = JHResponeMessage.h; sourceTree = "<group>"; };
		7028139A19F8038700643D17 /* JHResponeMessage.m */ = {isa = PBXFileReference; fileEncoding = 4; lastKnownFileType = sourcecode.c.objc; path = JHResponeMessage.m; sourceTree = "<group>"; };
		702813A019F803CB00643D17 /* JHWebService.h */ = {isa = PBXFileReference; fileEncoding = 4; lastKnownFileType = sourcecode.c.h; path = JHWebService.h; sourceTree = "<group>"; };
		702813A119F803CB00643D17 /* JHWebService.m */ = {isa = PBXFileReference; fileEncoding = 4; lastKnownFileType = sourcecode.c.objc; path = JHWebService.m; sourceTree = "<group>"; };
		702813A819F804EE00643D17 /* JHLoginAPI.h */ = {isa = PBXFileReference; fileEncoding = 4; lastKnownFileType = sourcecode.c.h; name = JHLoginAPI.h; path = Login/JHLoginAPI.h; sourceTree = "<group>"; };
		702813A919F804EE00643D17 /* JHLoginAPI.m */ = {isa = PBXFileReference; fileEncoding = 4; lastKnownFileType = sourcecode.c.objc; name = JHLoginAPI.m; path = Login/JHLoginAPI.m; sourceTree = "<group>"; };
		702813AB19F8061700643D17 /* JHAppDelegate.h */ = {isa = PBXFileReference; fileEncoding = 4; lastKnownFileType = sourcecode.c.h; path = JHAppDelegate.h; sourceTree = "<group>"; };
		702813AC19F8061700643D17 /* JHAppDelegate.m */ = {isa = PBXFileReference; fileEncoding = 4; lastKnownFileType = sourcecode.c.objc; path = JHAppDelegate.m; sourceTree = "<group>"; };
		702813AF19F807C200643D17 /* JHActivityManager.h */ = {isa = PBXFileReference; fileEncoding = 4; lastKnownFileType = sourcecode.c.h; path = JHActivityManager.h; sourceTree = "<group>"; };
		702813B019F807C200643D17 /* JHActivityManager.m */ = {isa = PBXFileReference; fileEncoding = 4; lastKnownFileType = sourcecode.c.objc; path = JHActivityManager.m; sourceTree = "<group>"; };
		702813B219F807C200643D17 /* JHDataManager.h */ = {isa = PBXFileReference; fileEncoding = 4; lastKnownFileType = sourcecode.c.h; path = JHDataManager.h; sourceTree = "<group>"; };
		702813B319F807C200643D17 /* JHDataManager.m */ = {isa = PBXFileReference; fileEncoding = 4; lastKnownFileType = sourcecode.c.objc; path = JHDataManager.m; sourceTree = "<group>"; };
		702813B519F807C200643D17 /* JHLocationManager.h */ = {isa = PBXFileReference; fileEncoding = 4; lastKnownFileType = sourcecode.c.h; path = JHLocationManager.h; sourceTree = "<group>"; };
		702813B619F807C200643D17 /* JHLocationManager.m */ = {isa = PBXFileReference; fileEncoding = 4; lastKnownFileType = sourcecode.c.objc; path = JHLocationManager.m; sourceTree = "<group>"; };
		702813BA19F8083200643D17 /* JHLoginAPIRequest.h */ = {isa = PBXFileReference; fileEncoding = 4; lastKnownFileType = sourcecode.c.h; name = JHLoginAPIRequest.h; path = Login/JHLoginAPIRequest.h; sourceTree = "<group>"; };
		702813BB19F8083200643D17 /* JHLoginAPIRequest.m */ = {isa = PBXFileReference; fileEncoding = 4; lastKnownFileType = sourcecode.c.objc; name = JHLoginAPIRequest.m; path = Login/JHLoginAPIRequest.m; sourceTree = "<group>"; };
		702813BD19F8084800643D17 /* JHLoginAPIResponse.h */ = {isa = PBXFileReference; fileEncoding = 4; lastKnownFileType = sourcecode.c.h; path = JHLoginAPIResponse.h; sourceTree = "<group>"; };
		702813BE19F8084800643D17 /* JHLoginAPIResponse.m */ = {isa = PBXFileReference; fileEncoding = 4; lastKnownFileType = sourcecode.c.objc; path = JHLoginAPIResponse.m; sourceTree = "<group>"; };
		702813C019F8287400643D17 /* Utility.h */ = {isa = PBXFileReference; fileEncoding = 4; lastKnownFileType = sourcecode.c.h; path = Utility.h; sourceTree = "<group>"; };
		702813C119F8287400643D17 /* Utility.m */ = {isa = PBXFileReference; fileEncoding = 4; lastKnownFileType = sourcecode.c.objc; path = Utility.m; sourceTree = "<group>"; };
		702813C319F8293300643D17 /* Constants.h */ = {isa = PBXFileReference; lastKnownFileType = sourcecode.c.h; path = Constants.h; sourceTree = "<group>"; };
		703994B51A1C90AB00ECA291 /* MBProgressHUD.h */ = {isa = PBXFileReference; fileEncoding = 4; lastKnownFileType = sourcecode.c.h; path = MBProgressHUD.h; sourceTree = "<group>"; };
		703994B61A1C90AB00ECA291 /* MBProgressHUD.m */ = {isa = PBXFileReference; fileEncoding = 4; lastKnownFileType = sourcecode.c.objc; path = MBProgressHUD.m; sourceTree = "<group>"; };
		703994B71A1C90AB00ECA291 /* JHHudController.h */ = {isa = PBXFileReference; fileEncoding = 4; lastKnownFileType = sourcecode.c.h; path = JHHudController.h; sourceTree = "<group>"; };
		703994B81A1C90AB00ECA291 /* JHHudController.m */ = {isa = PBXFileReference; fileEncoding = 4; lastKnownFileType = sourcecode.c.objc; path = JHHudController.m; sourceTree = "<group>"; };
		703994BB1A1C9A0800ECA291 /* page_bg@2x.png */ = {isa = PBXFileReference; lastKnownFileType = image.png; path = "page_bg@2x.png"; sourceTree = "<group>"; };
		703994BD1A1C9AAD00ECA291 /* translucent_bottom@2x.png */ = {isa = PBXFileReference; lastKnownFileType = image.png; path = "translucent_bottom@2x.png"; sourceTree = "<group>"; };
		703994BF1A1C9B5E00ECA291 /* bottom_logo@2x.png */ = {isa = PBXFileReference; lastKnownFileType = image.png; path = "bottom_logo@2x.png"; sourceTree = "<group>"; };
		703994C11A1C9CA000ECA291 /* report_buton@2x.png */ = {isa = PBXFileReference; lastKnownFileType = image.png; path = "report_buton@2x.png"; sourceTree = "<group>"; };
		703994C21A1C9CA000ECA291 /* report_butonhover@2x.png */ = {isa = PBXFileReference; lastKnownFileType = image.png; path = "report_butonhover@2x.png"; sourceTree = "<group>"; };
		703994C61A1CA02400ECA291 /* 1024x1024.png */ = {isa = PBXFileReference; lastKnownFileType = image.png; path = 1024x1024.png; sourceTree = "<group>"; };
		703994C71A1CA02400ECA291 /* 120x120.png */ = {isa = PBXFileReference; lastKnownFileType = image.png; path = 120x120.png; sourceTree = "<group>"; };
		703994C81A1CA02400ECA291 /* 44x44.png */ = {isa = PBXFileReference; lastKnownFileType = image.png; path = 44x44.png; sourceTree = "<group>"; };
		703994C91A1CA02400ECA291 /* 50x50.png */ = {isa = PBXFileReference; lastKnownFileType = image.png; path = 50x50.png; sourceTree = "<group>"; };
		703994CA1A1CA02400ECA291 /* 58x58.png */ = {isa = PBXFileReference; lastKnownFileType = image.png; path = 58x58.png; sourceTree = "<group>"; };
		703994CB1A1CA02400ECA291 /* 80x80.png */ = {isa = PBXFileReference; lastKnownFileType = image.png; path = 80x80.png; sourceTree = "<group>"; };
		703994D51A1CAB8D00ECA291 /* MKAnnotationView+WebCache.h */ = {isa = PBXFileReference; fileEncoding = 4; lastKnownFileType = sourcecode.c.h; path = "MKAnnotationView+WebCache.h"; sourceTree = "<group>"; };
		703994D61A1CAB8D00ECA291 /* MKAnnotationView+WebCache.m */ = {isa = PBXFileReference; fileEncoding = 4; lastKnownFileType = sourcecode.c.objc; path = "MKAnnotationView+WebCache.m"; sourceTree = "<group>"; };
		703994D71A1CAB8D00ECA291 /* NSData+ImageContentType.h */ = {isa = PBXFileReference; fileEncoding = 4; lastKnownFileType = sourcecode.c.h; path = "NSData+ImageContentType.h"; sourceTree = "<group>"; };
		703994D81A1CAB8D00ECA291 /* NSData+ImageContentType.m */ = {isa = PBXFileReference; fileEncoding = 4; lastKnownFileType = sourcecode.c.objc; path = "NSData+ImageContentType.m"; sourceTree = "<group>"; };
		703994D91A1CAB8D00ECA291 /* SDImageCache.h */ = {isa = PBXFileReference; fileEncoding = 4; lastKnownFileType = sourcecode.c.h; path = SDImageCache.h; sourceTree = "<group>"; };
		703994DA1A1CAB8D00ECA291 /* SDImageCache.m */ = {isa = PBXFileReference; fileEncoding = 4; lastKnownFileType = sourcecode.c.objc; path = SDImageCache.m; sourceTree = "<group>"; };
		703994DB1A1CAB8D00ECA291 /* SDWebImageCompat.h */ = {isa = PBXFileReference; fileEncoding = 4; lastKnownFileType = sourcecode.c.h; path = SDWebImageCompat.h; sourceTree = "<group>"; };
		703994DC1A1CAB8D00ECA291 /* SDWebImageCompat.m */ = {isa = PBXFileReference; fileEncoding = 4; lastKnownFileType = sourcecode.c.objc; path = SDWebImageCompat.m; sourceTree = "<group>"; };
		703994DD1A1CAB8D00ECA291 /* SDWebImageDecoder.h */ = {isa = PBXFileReference; fileEncoding = 4; lastKnownFileType = sourcecode.c.h; path = SDWebImageDecoder.h; sourceTree = "<group>"; };
		703994DE1A1CAB8D00ECA291 /* SDWebImageDecoder.m */ = {isa = PBXFileReference; fileEncoding = 4; lastKnownFileType = sourcecode.c.objc; path = SDWebImageDecoder.m; sourceTree = "<group>"; };
		703994DF1A1CAB8D00ECA291 /* SDWebImageDownloader.h */ = {isa = PBXFileReference; fileEncoding = 4; lastKnownFileType = sourcecode.c.h; path = SDWebImageDownloader.h; sourceTree = "<group>"; };
		703994E01A1CAB8D00ECA291 /* SDWebImageDownloader.m */ = {isa = PBXFileReference; fileEncoding = 4; lastKnownFileType = sourcecode.c.objc; path = SDWebImageDownloader.m; sourceTree = "<group>"; };
		703994E11A1CAB8D00ECA291 /* SDWebImageDownloaderOperation.h */ = {isa = PBXFileReference; fileEncoding = 4; lastKnownFileType = sourcecode.c.h; path = SDWebImageDownloaderOperation.h; sourceTree = "<group>"; };
		703994E21A1CAB8D00ECA291 /* SDWebImageDownloaderOperation.m */ = {isa = PBXFileReference; fileEncoding = 4; lastKnownFileType = sourcecode.c.objc; path = SDWebImageDownloaderOperation.m; sourceTree = "<group>"; };
		703994E31A1CAB8D00ECA291 /* SDWebImageManager.h */ = {isa = PBXFileReference; fileEncoding = 4; lastKnownFileType = sourcecode.c.h; path = SDWebImageManager.h; sourceTree = "<group>"; };
		703994E41A1CAB8D00ECA291 /* SDWebImageManager.m */ = {isa = PBXFileReference; fileEncoding = 4; lastKnownFileType = sourcecode.c.objc; path = SDWebImageManager.m; sourceTree = "<group>"; };
		703994E51A1CAB8D00ECA291 /* SDWebImageOperation.h */ = {isa = PBXFileReference; fileEncoding = 4; lastKnownFileType = sourcecode.c.h; path = SDWebImageOperation.h; sourceTree = "<group>"; };
		703994E61A1CAB8D00ECA291 /* SDWebImagePrefetcher.h */ = {isa = PBXFileReference; fileEncoding = 4; lastKnownFileType = sourcecode.c.h; path = SDWebImagePrefetcher.h; sourceTree = "<group>"; };
		703994E71A1CAB8D00ECA291 /* SDWebImagePrefetcher.m */ = {isa = PBXFileReference; fileEncoding = 4; lastKnownFileType = sourcecode.c.objc; path = SDWebImagePrefetcher.m; sourceTree = "<group>"; };
		703994E81A1CAB8D00ECA291 /* UIButton+WebCache.h */ = {isa = PBXFileReference; fileEncoding = 4; lastKnownFileType = sourcecode.c.h; path = "UIButton+WebCache.h"; sourceTree = "<group>"; };
		703994E91A1CAB8D00ECA291 /* UIButton+WebCache.m */ = {isa = PBXFileReference; fileEncoding = 4; lastKnownFileType = sourcecode.c.objc; path = "UIButton+WebCache.m"; sourceTree = "<group>"; };
		703994EA1A1CAB8D00ECA291 /* UIImage+GIF.h */ = {isa = PBXFileReference; fileEncoding = 4; lastKnownFileType = sourcecode.c.h; path = "UIImage+GIF.h"; sourceTree = "<group>"; };
		703994EB1A1CAB8D00ECA291 /* UIImage+GIF.m */ = {isa = PBXFileReference; fileEncoding = 4; lastKnownFileType = sourcecode.c.objc; path = "UIImage+GIF.m"; sourceTree = "<group>"; };
		703994EC1A1CAB8D00ECA291 /* UIImage+MultiFormat.h */ = {isa = PBXFileReference; fileEncoding = 4; lastKnownFileType = sourcecode.c.h; path = "UIImage+MultiFormat.h"; sourceTree = "<group>"; };
		703994ED1A1CAB8D00ECA291 /* UIImage+MultiFormat.m */ = {isa = PBXFileReference; fileEncoding = 4; lastKnownFileType = sourcecode.c.objc; path = "UIImage+MultiFormat.m"; sourceTree = "<group>"; };
		703994EE1A1CAB8D00ECA291 /* UIImage+WebP.h */ = {isa = PBXFileReference; fileEncoding = 4; lastKnownFileType = sourcecode.c.h; path = "UIImage+WebP.h"; sourceTree = "<group>"; };
		703994EF1A1CAB8D00ECA291 /* UIImage+WebP.m */ = {isa = PBXFileReference; fileEncoding = 4; lastKnownFileType = sourcecode.c.objc; path = "UIImage+WebP.m"; sourceTree = "<group>"; };
		703994F01A1CAB8D00ECA291 /* UIImageView+HighlightedWebCache.h */ = {isa = PBXFileReference; fileEncoding = 4; lastKnownFileType = sourcecode.c.h; path = "UIImageView+HighlightedWebCache.h"; sourceTree = "<group>"; };
		703994F11A1CAB8D00ECA291 /* UIImageView+HighlightedWebCache.m */ = {isa = PBXFileReference; fileEncoding = 4; lastKnownFileType = sourcecode.c.objc; path = "UIImageView+HighlightedWebCache.m"; sourceTree = "<group>"; };
		703994F21A1CAB8D00ECA291 /* UIImageView+WebCache.h */ = {isa = PBXFileReference; fileEncoding = 4; lastKnownFileType = sourcecode.c.h; path = "UIImageView+WebCache.h"; sourceTree = "<group>"; };
		703994F31A1CAB8D00ECA291 /* UIImageView+WebCache.m */ = {isa = PBXFileReference; fileEncoding = 4; lastKnownFileType = sourcecode.c.objc; path = "UIImageView+WebCache.m"; sourceTree = "<group>"; };
		703994F41A1CAB8D00ECA291 /* UIView+WebCacheOperation.h */ = {isa = PBXFileReference; fileEncoding = 4; lastKnownFileType = sourcecode.c.h; path = "UIView+WebCacheOperation.h"; sourceTree = "<group>"; };
		703994F51A1CAB8D00ECA291 /* UIView+WebCacheOperation.m */ = {isa = PBXFileReference; fileEncoding = 4; lastKnownFileType = sourcecode.c.objc; path = "UIView+WebCacheOperation.m"; sourceTree = "<group>"; };
		703995061A1CC31300ECA291 /* top_header@2x.png */ = {isa = PBXFileReference; lastKnownFileType = image.png; path = "top_header@2x.png"; sourceTree = "<group>"; };
		703995081A1CC3A900ECA291 /* et_icon@2x.png */ = {isa = PBXFileReference; lastKnownFileType = image.png; path = "et_icon@2x.png"; sourceTree = "<group>"; };
		703995091A1CC3A900ECA291 /* et_iconhover@2x.png */ = {isa = PBXFileReference; lastKnownFileType = image.png; path = "et_iconhover@2x.png"; sourceTree = "<group>"; };
		7039950A1A1CC3A900ECA291 /* not_icon@2x.png */ = {isa = PBXFileReference; lastKnownFileType = image.png; path = "not_icon@2x.png"; sourceTree = "<group>"; };
		7039950B1A1CC3A900ECA291 /* not_iconhover@2x.png */ = {isa = PBXFileReference; lastKnownFileType = image.png; path = "not_iconhover@2x.png"; sourceTree = "<group>"; };
		703995101A1CC46E00ECA291 /* menu_select@2x.png */ = {isa = PBXFileReference; lastKnownFileType = image.png; path = "menu_select@2x.png"; sourceTree = "<group>"; };
		7075D11D1A17ED190095AA05 /* JHTimelineCell.h */ = {isa = PBXFileReference; fileEncoding = 4; lastKnownFileType = sourcecode.c.h; name = JHTimelineCell.h; path = Cells/JHTimelineCell.h; sourceTree = "<group>"; };
		7075D11E1A17ED190095AA05 /* JHTimelineCell.m */ = {isa = PBXFileReference; fileEncoding = 4; lastKnownFileType = sourcecode.c.objc; name = JHTimelineCell.m; path = Cells/JHTimelineCell.m; sourceTree = "<group>"; };
		7075D11F1A17ED190095AA05 /* JHTimelineCell.xib */ = {isa = PBXFileReference; fileEncoding = 4; lastKnownFileType = file.xib; name = JHTimelineCell.xib; path = Cells/JHTimelineCell.xib; sourceTree = "<group>"; };
		70761A331A1DA6DD00FE644F /* JASidePanelController.h */ = {isa = PBXFileReference; fileEncoding = 4; lastKnownFileType = sourcecode.c.h; path = JASidePanelController.h; sourceTree = "<group>"; };
		70761A341A1DA6DD00FE644F /* JASidePanelController.m */ = {isa = PBXFileReference; fileEncoding = 4; lastKnownFileType = sourcecode.c.objc; path = JASidePanelController.m; sourceTree = "<group>"; };
		70761A351A1DA6DD00FE644F /* UIViewController+JASidePanel.h */ = {isa = PBXFileReference; fileEncoding = 4; lastKnownFileType = sourcecode.c.h; path = "UIViewController+JASidePanel.h"; sourceTree = "<group>"; };
		70761A361A1DA6DD00FE644F /* UIViewController+JASidePanel.m */ = {isa = PBXFileReference; fileEncoding = 4; lastKnownFileType = sourcecode.c.objc; path = "UIViewController+JASidePanel.m"; sourceTree = "<group>"; };
		70761A391A1DA97B00FE644F /* JHLeftPanelViewController.h */ = {isa = PBXFileReference; fileEncoding = 4; lastKnownFileType = sourcecode.c.h; path = JHLeftPanelViewController.h; sourceTree = "<group>"; };
		70761A3A1A1DA97B00FE644F /* JHLeftPanelViewController.m */ = {isa = PBXFileReference; fileEncoding = 4; lastKnownFileType = sourcecode.c.objc; path = JHLeftPanelViewController.m; sourceTree = "<group>"; };
		70761A3B1A1DA97B00FE644F /* JHLeftPanelViewController.xib */ = {isa = PBXFileReference; fileEncoding = 4; lastKnownFileType = file.xib; path = JHLeftPanelViewController.xib; sourceTree = "<group>"; };
		70761A3F1A1DBCF600FE644F /* JHLogoutAPIRequest.h */ = {isa = PBXFileReference; fileEncoding = 4; lastKnownFileType = sourcecode.c.h; name = JHLogoutAPIRequest.h; path = Logout/JHLogoutAPIRequest.h; sourceTree = "<group>"; };
		70761A401A1DBCF600FE644F /* JHLogoutAPIRequest.m */ = {isa = PBXFileReference; fileEncoding = 4; lastKnownFileType = sourcecode.c.objc; name = JHLogoutAPIRequest.m; path = Logout/JHLogoutAPIRequest.m; sourceTree = "<group>"; };
		70761A421A1DBD3500FE644F /* JHLogoutAPIResponse.h */ = {isa = PBXFileReference; fileEncoding = 4; lastKnownFileType = sourcecode.c.h; name = JHLogoutAPIResponse.h; path = Logout/JHLogoutAPIResponse.h; sourceTree = "<group>"; };
		70761A431A1DBD3500FE644F /* JHLogoutAPIResponse.m */ = {isa = PBXFileReference; fileEncoding = 4; lastKnownFileType = sourcecode.c.objc; name = JHLogoutAPIResponse.m; path = Logout/JHLogoutAPIResponse.m; sourceTree = "<group>"; };
		70761A451A1DBD4800FE644F /* JHLogoutAPI.h */ = {isa = PBXFileReference; fileEncoding = 4; lastKnownFileType = sourcecode.c.h; name = JHLogoutAPI.h; path = Logout/JHLogoutAPI.h; sourceTree = "<group>"; };
		70761A461A1DBD4800FE644F /* JHLogoutAPI.m */ = {isa = PBXFileReference; fileEncoding = 4; lastKnownFileType = sourcecode.c.objc; name = JHLogoutAPI.m; path = Logout/JHLogoutAPI.m; sourceTree = "<group>"; };
		70AE03A81A3A12D600FF3074 /* JHCareTask.h */ = {isa = PBXFileReference; fileEncoding = 4; lastKnownFileType = sourcecode.c.h; path = JHCareTask.h; sourceTree = "<group>"; };
		70AE03A91A3A12D600FF3074 /* JHCareTask.m */ = {isa = PBXFileReference; fileEncoding = 4; lastKnownFileType = sourcecode.c.objc; path = JHCareTask.m; sourceTree = "<group>"; };
		70AE03AB1A3A13E000FF3074 /* JHAlert.h */ = {isa = PBXFileReference; fileEncoding = 4; lastKnownFileType = sourcecode.c.h; path = JHAlert.h; sourceTree = "<group>"; };
		70AE03AC1A3A13E000FF3074 /* JHAlert.m */ = {isa = PBXFileReference; fileEncoding = 4; lastKnownFileType = sourcecode.c.objc; path = JHAlert.m; sourceTree = "<group>"; };
		70C366C819F8712100B5F30B /* Localizable.strings */ = {isa = PBXFileReference; fileEncoding = 4; lastKnownFileType = text.plist.strings; path = Localizable.strings; sourceTree = "<group>"; };
		70C366CA19F9708800B5F30B /* JHBaseViewController.h */ = {isa = PBXFileReference; fileEncoding = 4; lastKnownFileType = sourcecode.c.h; path = JHBaseViewController.h; sourceTree = "<group>"; };
		70C366CB19F9708800B5F30B /* JHBaseViewController.m */ = {isa = PBXFileReference; fileEncoding = 4; lastKnownFileType = sourcecode.c.objc; path = JHBaseViewController.m; sourceTree = "<group>"; };
		70F10A8919706C92002513D1 /* Encourage.app */ = {isa = PBXFileReference; explicitFileType = wrapper.application; includeInIndex = 0; path = Encourage.app; sourceTree = BUILT_PRODUCTS_DIR; };
		70F10A8C19706C92002513D1 /* Foundation.framework */ = {isa = PBXFileReference; lastKnownFileType = wrapper.framework; name = Foundation.framework; path = System/Library/Frameworks/Foundation.framework; sourceTree = SDKROOT; };
		70F10A8E19706C92002513D1 /* CoreGraphics.framework */ = {isa = PBXFileReference; lastKnownFileType = wrapper.framework; name = CoreGraphics.framework; path = System/Library/Frameworks/CoreGraphics.framework; sourceTree = SDKROOT; };
		70F10A9019706C92002513D1 /* UIKit.framework */ = {isa = PBXFileReference; lastKnownFileType = wrapper.framework; name = UIKit.framework; path = System/Library/Frameworks/UIKit.framework; sourceTree = SDKROOT; };
		70F10A9419706C92002513D1 /* Encourage-Info.plist */ = {isa = PBXFileReference; lastKnownFileType = text.plist.xml; path = "Encourage-Info.plist"; sourceTree = "<group>"; };
		70F10A9619706C92002513D1 /* en */ = {isa = PBXFileReference; lastKnownFileType = text.plist.strings; name = en; path = en.lproj/InfoPlist.strings; sourceTree = "<group>"; };
		70F10A9819706C92002513D1 /* main.m */ = {isa = PBXFileReference; lastKnownFileType = sourcecode.c.objc; path = main.m; sourceTree = "<group>"; };
		70F10A9A19706C92002513D1 /* Encourage-Prefix.pch */ = {isa = PBXFileReference; lastKnownFileType = sourcecode.c.h; path = "Encourage-Prefix.pch"; sourceTree = "<group>"; };
		70F10A9E19706C92002513D1 /* Images.xcassets */ = {isa = PBXFileReference; lastKnownFileType = folder.assetcatalog; path = Images.xcassets; sourceTree = "<group>"; };
		70F10AA419706C92002513D1 /* EncourageTests.xctest */ = {isa = PBXFileReference; explicitFileType = wrapper.cfbundle; includeInIndex = 0; path = EncourageTests.xctest; sourceTree = BUILT_PRODUCTS_DIR; };
		70F10AA519706C92002513D1 /* XCTest.framework */ = {isa = PBXFileReference; lastKnownFileType = wrapper.framework; name = XCTest.framework; path = Library/Frameworks/XCTest.framework; sourceTree = DEVELOPER_DIR; };
		70F10AAD19706C92002513D1 /* EncourageTests-Info.plist */ = {isa = PBXFileReference; lastKnownFileType = text.plist.xml; path = "EncourageTests-Info.plist"; sourceTree = "<group>"; };
		70F10AAF19706C92002513D1 /* en */ = {isa = PBXFileReference; lastKnownFileType = text.plist.strings; name = en; path = en.lproj/InfoPlist.strings; sourceTree = "<group>"; };
		70F10AB119706C92002513D1 /* EncourageTests.m */ = {isa = PBXFileReference; lastKnownFileType = sourcecode.c.objc; path = EncourageTests.m; sourceTree = "<group>"; };
		70F58CCE1A128F79004A065E /* JHTimelineAPIRequest.h */ = {isa = PBXFileReference; fileEncoding = 4; lastKnownFileType = sourcecode.c.h; name = JHTimelineAPIRequest.h; path = Timeline/JHTimelineAPIRequest.h; sourceTree = "<group>"; };
		70F58CCF1A128F79004A065E /* JHTimelineAPIRequest.m */ = {isa = PBXFileReference; fileEncoding = 4; lastKnownFileType = sourcecode.c.objc; name = JHTimelineAPIRequest.m; path = Timeline/JHTimelineAPIRequest.m; sourceTree = "<group>"; };
		70F58CD11A1291BC004A065E /* JHTimelineAPIResponse.h */ = {isa = PBXFileReference; fileEncoding = 4; lastKnownFileType = sourcecode.c.h; name = JHTimelineAPIResponse.h; path = Timeline/JHTimelineAPIResponse.h; sourceTree = "<group>"; };
		70F58CD21A1291BC004A065E /* JHTimelineAPIResponse.m */ = {isa = PBXFileReference; fileEncoding = 4; lastKnownFileType = sourcecode.c.objc; name = JHTimelineAPIResponse.m; path = Timeline/JHTimelineAPIResponse.m; sourceTree = "<group>"; };
		70F58CD41A1292EB004A065E /* JHTimelineItem.h */ = {isa = PBXFileReference; fileEncoding = 4; lastKnownFileType = sourcecode.c.h; path = JHTimelineItem.h; sourceTree = "<group>"; };
		70F58CD51A1292EB004A065E /* JHTimelineItem.m */ = {isa = PBXFileReference; fileEncoding = 4; lastKnownFileType = sourcecode.c.objc; path = JHTimelineItem.m; sourceTree = "<group>"; };
		70F58CD71A1293FB004A065E /* JHTimelineDetailItem.h */ = {isa = PBXFileReference; fileEncoding = 4; lastKnownFileType = sourcecode.c.h; path = JHTimelineDetailItem.h; sourceTree = "<group>"; };
		70F58CD81A1293FB004A065E /* JHTimelineDetailItem.m */ = {isa = PBXFileReference; fileEncoding = 4; lastKnownFileType = sourcecode.c.objc; path = JHTimelineDetailItem.m; sourceTree = "<group>"; };
		70F58CDA1A129653004A065E /* JHTimelineAPI.h */ = {isa = PBXFileReference; fileEncoding = 4; lastKnownFileType = sourcecode.c.h; name = JHTimelineAPI.h; path = Timeline/JHTimelineAPI.h; sourceTree = "<group>"; };
		70F58CDB1A129653004A065E /* JHTimelineAPI.m */ = {isa = PBXFileReference; fileEncoding = 4; lastKnownFileType = sourcecode.c.objc; name = JHTimelineAPI.m; path = Timeline/JHTimelineAPI.m; sourceTree = "<group>"; };
/* End PBXFileReference section */

/* Begin PBXFrameworksBuildPhase section */
		70F10A8619706C92002513D1 /* Frameworks */ = {
			isa = PBXFrameworksBuildPhase;
			buildActionMask = 2147483647;
			files = (
				700F969A199E1049009E5E52 /* libz.dylib in Frameworks */,
				70F10A8F19706C92002513D1 /* CoreGraphics.framework in Frameworks */,
				70F10A9119706C92002513D1 /* UIKit.framework in Frameworks */,
				70F10A8D19706C92002513D1 /* Foundation.framework in Frameworks */,
			);
			runOnlyForDeploymentPostprocessing = 0;
		};
		70F10AA119706C92002513D1 /* Frameworks */ = {
			isa = PBXFrameworksBuildPhase;
			buildActionMask = 2147483647;
			files = (
				70F10AA619706C92002513D1 /* XCTest.framework in Frameworks */,
				70F10AA819706C92002513D1 /* UIKit.framework in Frameworks */,
				70F10AA719706C92002513D1 /* Foundation.framework in Frameworks */,
			);
			runOnlyForDeploymentPostprocessing = 0;
		};
/* End PBXFrameworksBuildPhase section */

/* Begin PBXGroup section */
		7028132C19F8008C00643D17 /* Utilities */ = {
			isa = PBXGroup;
			children = (
				70761A321A1DA6DD00FE644F /* SlideMenu */,
				703994D41A1CAB8D00ECA291 /* SDWebImage */,
				703994B41A1C90AB00ECA291 /* MBProgressHUD */,
				703994B71A1C90AB00ECA291 /* JHHudController.h */,
				703994B81A1C90AB00ECA291 /* JHHudController.m */,
				702813AE19F807C200643D17 /* Activity Manager */,
				702813B119F807C200643D17 /* Data Manager */,
				702813B419F807C200643D17 /* Location Manager */,
				7028132D19F8008C00643D17 /* KVCObjectSerializer */,
				702813C019F8287400643D17 /* Utility.h */,
				702813C119F8287400643D17 /* Utility.m */,
				702813C319F8293300643D17 /* Constants.h */,
				70C366C819F8712100B5F30B /* Localizable.strings */,
			);
			path = Utilities;
			sourceTree = "<group>";
		};
		7028132D19F8008C00643D17 /* KVCObjectSerializer */ = {
			isa = PBXGroup;
			children = (
				7028132E19F8008C00643D17 /* KVCBaseObject.h */,
				7028132F19F8008C00643D17 /* KVCBaseObject.m */,
			);
			path = KVCObjectSerializer;
			sourceTree = "<group>";
		};
		7028133019F8008C00643D17 /* Web Service */ = {
			isa = PBXGroup;
			children = (
				7028139F19F803CB00643D17 /* BaseWebServices */,
				7028139219F8038700643D17 /* Model */,
				7028133119F8008C00643D17 /* API */,
				7028133319F8008C00643D17 /* ASIHTTPRequest */,
				7028134819F8008C00643D17 /* Reachability */,
				7028134B19F8008C00643D17 /* SBJSON */,
			);
			path = "Web Service";
			sourceTree = "<group>";
		};
		7028133119F8008C00643D17 /* API */ = {
			isa = PBXGroup;
			children = (
				70761A3E1A1DBCD900FE644F /* Logout */,
				70F58CCD1A128F2F004A065E /* Timeline */,
				702813A719F804CD00643D17 /* Login */,
				7028136919F800FB00643D17 /* BaseApi */,
			);
			path = API;
			sourceTree = "<group>";
		};
		7028133319F8008C00643D17 /* ASIHTTPRequest */ = {
			isa = PBXGroup;
			children = (
				7028133419F8008C00643D17 /* ASIAuthenticationDialog.h */,
				7028133519F8008C00643D17 /* ASIAuthenticationDialog.m */,
				7028133619F8008C00643D17 /* ASICacheDelegate.h */,
				7028133719F8008C00643D17 /* ASIDataCompressor.h */,
				7028133819F8008C00643D17 /* ASIDataCompressor.m */,
				7028133919F8008C00643D17 /* ASIDataDecompressor.h */,
				7028133A19F8008C00643D17 /* ASIDataDecompressor.m */,
				7028133B19F8008C00643D17 /* ASIDownloadCache.h */,
				7028133C19F8008C00643D17 /* ASIDownloadCache.m */,
				7028133D19F8008C00643D17 /* ASIFormDataRequest.h */,
				7028133E19F8008C00643D17 /* ASIFormDataRequest.m */,
				7028133F19F8008C00643D17 /* ASIHTTPRequest.h */,
				7028134019F8008C00643D17 /* ASIHTTPRequest.m */,
				7028134119F8008C00643D17 /* ASIHTTPRequestConfig.h */,
				7028134219F8008C00643D17 /* ASIHTTPRequestDelegate.h */,
				7028134319F8008C00643D17 /* ASIInputStream.h */,
				7028134419F8008C00643D17 /* ASIInputStream.m */,
				7028134519F8008C00643D17 /* ASINetworkQueue.h */,
				7028134619F8008C00643D17 /* ASINetworkQueue.m */,
				7028134719F8008C00643D17 /* ASIProgressDelegate.h */,
			);
			path = ASIHTTPRequest;
			sourceTree = "<group>";
		};
		7028134819F8008C00643D17 /* Reachability */ = {
			isa = PBXGroup;
			children = (
				7028134919F8008C00643D17 /* Reachability.h */,
				7028134A19F8008C00643D17 /* Reachability.m */,
			);
			path = Reachability;
			sourceTree = "<group>";
		};
		7028134B19F8008C00643D17 /* SBJSON */ = {
			isa = PBXGroup;
			children = (
				7028134C19F8008C00643D17 /* JSON.h */,
				7028134D19F8008C00643D17 /* NSObject+SBJSON.h */,
				7028134E19F8008C00643D17 /* NSObject+SBJSON.m */,
				7028134F19F8008C00643D17 /* NSString+SBJSON.h */,
				7028135019F8008C00643D17 /* NSString+SBJSON.m */,
				7028135119F8008C00643D17 /* SBJSON.h */,
				7028135219F8008C00643D17 /* SBJSON.m */,
				7028135319F8008C00643D17 /* SBJsonBase.h */,
				7028135419F8008C00643D17 /* SBJsonBase.m */,
				7028135519F8008C00643D17 /* SBJsonParser.h */,
				7028135619F8008C00643D17 /* SBJsonParser.m */,
				7028135719F8008C00643D17 /* SBJsonWriter.h */,
				7028135819F8008C00643D17 /* SBJsonWriter.m */,
			);
			path = SBJSON;
			sourceTree = "<group>";
		};
		7028136919F800FB00643D17 /* BaseApi */ = {
			isa = PBXGroup;
			children = (
				7028136A19F800FB00643D17 /* JHBaseAPI.h */,
				7028136B19F800FB00643D17 /* JHBaseAPI.m */,
			);
			path = BaseApi;
			sourceTree = "<group>";
		};
		7028136D19F8016F00643D17 /* View Controllers */ = {
			isa = PBXGroup;
			children = (
				7028136E19F8016F00643D17 /* JHLoginViewController.h */,
				7028136F19F8016F00643D17 /* JHLoginViewController.m */,
				7028137019F8016F00643D17 /* JHLoginViewController.xib */,
				7028137119F8016F00643D17 /* JHRegistrationViewController.h */,
				7028137219F8016F00643D17 /* JHRegistrationViewController.m */,
				7028137319F8016F00643D17 /* JHRegistrationViewController.xib */,
				7028137419F8016F00643D17 /* JHTimelineViewController.h */,
				7028137519F8016F00643D17 /* JHTimelineViewController.m */,
				7028137619F8016F00643D17 /* JHTimelineViewController.xib */,
				70C366CA19F9708800B5F30B /* JHBaseViewController.h */,
				70C366CB19F9708800B5F30B /* JHBaseViewController.m */,
			);
			path = "View Controllers";
			sourceTree = "<group>";
		};
		7028137D19F8022200643D17 /* Resources */ = {
			isa = PBXGroup;
			children = (
				703995101A1CC46E00ECA291 /* menu_select@2x.png */,
				703995081A1CC3A900ECA291 /* et_icon@2x.png */,
				703995091A1CC3A900ECA291 /* et_iconhover@2x.png */,
				7039950A1A1CC3A900ECA291 /* not_icon@2x.png */,
				7039950B1A1CC3A900ECA291 /* not_iconhover@2x.png */,
				703995061A1CC31300ECA291 /* top_header@2x.png */,
				703994C51A1CA02400ECA291 /* Icons */,
				703994C11A1C9CA000ECA291 /* report_buton@2x.png */,
				703994C21A1C9CA000ECA291 /* report_butonhover@2x.png */,
				703994BF1A1C9B5E00ECA291 /* bottom_logo@2x.png */,
				703994BD1A1C9AAD00ECA291 /* translucent_bottom@2x.png */,
				703994BB1A1C9A0800ECA291 /* page_bg@2x.png */,
				7028137E19F8022200643D17 /* Default-568h@2x.png */,
				7028137F19F8022200643D17 /* Default@2x.png */,
				7028138019F8022200643D17 /* login_bg@2x.png */,
				7028138119F8022200643D17 /* login_buton@2x.png */,
				7028138219F8022200643D17 /* login_form@2x.png */,
				7028138319F8022200643D17 /* login_logo@2x.png */,
				7028138419F8022200643D17 /* password_icon@2x.png */,
				7028138519F8022200643D17 /* register_buton@2x.png */,
				7028138619F8022200643D17 /* separate_form@2x.png */,
				7028138719F8022200643D17 /* username_icon@2x.png */,
			);
			path = Resources;
			sourceTree = "<group>";
		};
		7028139219F8038700643D17 /* Model */ = {
			isa = PBXGroup;
			children = (
				7028139319F8038700643D17 /* JHBaseRequest.h */,
				7028139419F8038700643D17 /* JHBaseRequest.m */,
				7028139519F8038700643D17 /* JHBaseResponse.h */,
				7028139619F8038700643D17 /* JHBaseResponse.m */,
				7028139719F8038700643D17 /* JHError.h */,
				7028139819F8038700643D17 /* JHError.m */,
				7028139919F8038700643D17 /* JHResponeMessage.h */,
				7028139A19F8038700643D17 /* JHResponeMessage.m */,
				70F58CD41A1292EB004A065E /* JHTimelineItem.h */,
				70F58CD51A1292EB004A065E /* JHTimelineItem.m */,
				70F58CD71A1293FB004A065E /* JHTimelineDetailItem.h */,
				70F58CD81A1293FB004A065E /* JHTimelineDetailItem.m */,
				70AE03A81A3A12D600FF3074 /* JHCareTask.h */,
				70AE03A91A3A12D600FF3074 /* JHCareTask.m */,
				70AE03AB1A3A13E000FF3074 /* JHAlert.h */,
				70AE03AC1A3A13E000FF3074 /* JHAlert.m */,
			);
			path = Model;
			sourceTree = "<group>";
		};
		7028139F19F803CB00643D17 /* BaseWebServices */ = {
			isa = PBXGroup;
			children = (
				702813A019F803CB00643D17 /* JHWebService.h */,
				702813A119F803CB00643D17 /* JHWebService.m */,
			);
			path = BaseWebServices;
			sourceTree = "<group>";
		};
		702813A719F804CD00643D17 /* Login */ = {
			isa = PBXGroup;
			children = (
				702813A819F804EE00643D17 /* JHLoginAPI.h */,
				702813A919F804EE00643D17 /* JHLoginAPI.m */,
				702813BA19F8083200643D17 /* JHLoginAPIRequest.h */,
				702813BB19F8083200643D17 /* JHLoginAPIRequest.m */,
				702813BD19F8084800643D17 /* JHLoginAPIResponse.h */,
				702813BE19F8084800643D17 /* JHLoginAPIResponse.m */,
			);
			name = Login;
			sourceTree = "<group>";
		};
		702813AE19F807C200643D17 /* Activity Manager */ = {
			isa = PBXGroup;
			children = (
				702813AF19F807C200643D17 /* JHActivityManager.h */,
				702813B019F807C200643D17 /* JHActivityManager.m */,
			);
			path = "Activity Manager";
			sourceTree = "<group>";
		};
		702813B119F807C200643D17 /* Data Manager */ = {
			isa = PBXGroup;
			children = (
				702813B219F807C200643D17 /* JHDataManager.h */,
				702813B319F807C200643D17 /* JHDataManager.m */,
			);
			path = "Data Manager";
			sourceTree = "<group>";
		};
		702813B419F807C200643D17 /* Location Manager */ = {
			isa = PBXGroup;
			children = (
				702813B519F807C200643D17 /* JHLocationManager.h */,
				702813B619F807C200643D17 /* JHLocationManager.m */,
			);
			path = "Location Manager";
			sourceTree = "<group>";
		};
		703994B41A1C90AB00ECA291 /* MBProgressHUD */ = {
			isa = PBXGroup;
			children = (
				703994B51A1C90AB00ECA291 /* MBProgressHUD.h */,
				703994B61A1C90AB00ECA291 /* MBProgressHUD.m */,
			);
			path = MBProgressHUD;
			sourceTree = "<group>";
		};
		703994C51A1CA02400ECA291 /* Icons */ = {
			isa = PBXGroup;
			children = (
				703994C61A1CA02400ECA291 /* 1024x1024.png */,
				703994C71A1CA02400ECA291 /* 120x120.png */,
				703994C81A1CA02400ECA291 /* 44x44.png */,
				703994C91A1CA02400ECA291 /* 50x50.png */,
				703994CA1A1CA02400ECA291 /* 58x58.png */,
				703994CB1A1CA02400ECA291 /* 80x80.png */,
			);
			path = Icons;
			sourceTree = "<group>";
		};
		703994D41A1CAB8D00ECA291 /* SDWebImage */ = {
			isa = PBXGroup;
			children = (
				703994D51A1CAB8D00ECA291 /* MKAnnotationView+WebCache.h */,
				703994D61A1CAB8D00ECA291 /* MKAnnotationView+WebCache.m */,
				703994D71A1CAB8D00ECA291 /* NSData+ImageContentType.h */,
				703994D81A1CAB8D00ECA291 /* NSData+ImageContentType.m */,
				703994D91A1CAB8D00ECA291 /* SDImageCache.h */,
				703994DA1A1CAB8D00ECA291 /* SDImageCache.m */,
				703994DB1A1CAB8D00ECA291 /* SDWebImageCompat.h */,
				703994DC1A1CAB8D00ECA291 /* SDWebImageCompat.m */,
				703994DD1A1CAB8D00ECA291 /* SDWebImageDecoder.h */,
				703994DE1A1CAB8D00ECA291 /* SDWebImageDecoder.m */,
				703994DF1A1CAB8D00ECA291 /* SDWebImageDownloader.h */,
				703994E01A1CAB8D00ECA291 /* SDWebImageDownloader.m */,
				703994E11A1CAB8D00ECA291 /* SDWebImageDownloaderOperation.h */,
				703994E21A1CAB8D00ECA291 /* SDWebImageDownloaderOperation.m */,
				703994E31A1CAB8D00ECA291 /* SDWebImageManager.h */,
				703994E41A1CAB8D00ECA291 /* SDWebImageManager.m */,
				703994E51A1CAB8D00ECA291 /* SDWebImageOperation.h */,
				703994E61A1CAB8D00ECA291 /* SDWebImagePrefetcher.h */,
				703994E71A1CAB8D00ECA291 /* SDWebImagePrefetcher.m */,
				703994E81A1CAB8D00ECA291 /* UIButton+WebCache.h */,
				703994E91A1CAB8D00ECA291 /* UIButton+WebCache.m */,
				703994EA1A1CAB8D00ECA291 /* UIImage+GIF.h */,
				703994EB1A1CAB8D00ECA291 /* UIImage+GIF.m */,
				703994EC1A1CAB8D00ECA291 /* UIImage+MultiFormat.h */,
				703994ED1A1CAB8D00ECA291 /* UIImage+MultiFormat.m */,
				703994EE1A1CAB8D00ECA291 /* UIImage+WebP.h */,
				703994EF1A1CAB8D00ECA291 /* UIImage+WebP.m */,
				703994F01A1CAB8D00ECA291 /* UIImageView+HighlightedWebCache.h */,
				703994F11A1CAB8D00ECA291 /* UIImageView+HighlightedWebCache.m */,
				703994F21A1CAB8D00ECA291 /* UIImageView+WebCache.h */,
				703994F31A1CAB8D00ECA291 /* UIImageView+WebCache.m */,
				703994F41A1CAB8D00ECA291 /* UIView+WebCacheOperation.h */,
				703994F51A1CAB8D00ECA291 /* UIView+WebCacheOperation.m */,
			);
			path = SDWebImage;
			sourceTree = "<group>";
		};
		7075D11C1A17ECF90095AA05 /* Cells */ = {
			isa = PBXGroup;
			children = (
				7075D11D1A17ED190095AA05 /* JHTimelineCell.h */,
				7075D11E1A17ED190095AA05 /* JHTimelineCell.m */,
				7075D11F1A17ED190095AA05 /* JHTimelineCell.xib */,
			);
			name = Cells;
			sourceTree = "<group>";
		};
		70761A321A1DA6DD00FE644F /* SlideMenu */ = {
			isa = PBXGroup;
			children = (
				70761A331A1DA6DD00FE644F /* JASidePanelController.h */,
				70761A341A1DA6DD00FE644F /* JASidePanelController.m */,
				70761A351A1DA6DD00FE644F /* UIViewController+JASidePanel.h */,
				70761A361A1DA6DD00FE644F /* UIViewController+JASidePanel.m */,
				70761A391A1DA97B00FE644F /* JHLeftPanelViewController.h */,
				70761A3A1A1DA97B00FE644F /* JHLeftPanelViewController.m */,
				70761A3B1A1DA97B00FE644F /* JHLeftPanelViewController.xib */,
			);
			path = SlideMenu;
			sourceTree = "<group>";
		};
		70761A3E1A1DBCD900FE644F /* Logout */ = {
			isa = PBXGroup;
			children = (
				70761A3F1A1DBCF600FE644F /* JHLogoutAPIRequest.h */,
				70761A401A1DBCF600FE644F /* JHLogoutAPIRequest.m */,
				70761A421A1DBD3500FE644F /* JHLogoutAPIResponse.h */,
				70761A431A1DBD3500FE644F /* JHLogoutAPIResponse.m */,
				70761A451A1DBD4800FE644F /* JHLogoutAPI.h */,
				70761A461A1DBD4800FE644F /* JHLogoutAPI.m */,
			);
			name = Logout;
			sourceTree = "<group>";
		};
		70F10A8019706C92002513D1 = {
			isa = PBXGroup;
			children = (
				70F10A9219706C92002513D1 /* Encourage */,
				70F10AAB19706C92002513D1 /* EncourageTests */,
				70F10A8B19706C92002513D1 /* Frameworks */,
				70F10A8A19706C92002513D1 /* Products */,
			);
			sourceTree = "<group>";
		};
		70F10A8A19706C92002513D1 /* Products */ = {
			isa = PBXGroup;
			children = (
				70F10A8919706C92002513D1 /* Encourage.app */,
				70F10AA419706C92002513D1 /* EncourageTests.xctest */,
			);
			name = Products;
			sourceTree = "<group>";
		};
		70F10A8B19706C92002513D1 /* Frameworks */ = {
			isa = PBXGroup;
			children = (
				700F9699199E1049009E5E52 /* libz.dylib */,
				70F10A8C19706C92002513D1 /* Foundation.framework */,
				70F10A8E19706C92002513D1 /* CoreGraphics.framework */,
				70F10A9019706C92002513D1 /* UIKit.framework */,
				70F10AA519706C92002513D1 /* XCTest.framework */,
			);
			name = Frameworks;
			sourceTree = "<group>";
		};
		70F10A9219706C92002513D1 /* Encourage */ = {
			isa = PBXGroup;
			children = (
				7075D11C1A17ECF90095AA05 /* Cells */,
				7028132C19F8008C00643D17 /* Utilities */,
				7028133019F8008C00643D17 /* Web Service */,
				7028136D19F8016F00643D17 /* View Controllers */,
				702813AB19F8061700643D17 /* JHAppDelegate.h */,
				702813AC19F8061700643D17 /* JHAppDelegate.m */,
				7028137D19F8022200643D17 /* Resources */,
				70F10A9E19706C92002513D1 /* Images.xcassets */,
				70F10A9319706C92002513D1 /* Supporting Files */,
			);
			path = Encourage;
			sourceTree = "<group>";
		};
		70F10A9319706C92002513D1 /* Supporting Files */ = {
			isa = PBXGroup;
			children = (
				70F10A9419706C92002513D1 /* Encourage-Info.plist */,
				70F10A9519706C92002513D1 /* InfoPlist.strings */,
				70F10A9819706C92002513D1 /* main.m */,
				70F10A9A19706C92002513D1 /* Encourage-Prefix.pch */,
			);
			name = "Supporting Files";
			sourceTree = "<group>";
		};
		70F10AAB19706C92002513D1 /* EncourageTests */ = {
			isa = PBXGroup;
			children = (
				70F10AB119706C92002513D1 /* EncourageTests.m */,
				70F10AAC19706C92002513D1 /* Supporting Files */,
			);
			path = EncourageTests;
			sourceTree = "<group>";
		};
		70F10AAC19706C92002513D1 /* Supporting Files */ = {
			isa = PBXGroup;
			children = (
				70F10AAD19706C92002513D1 /* EncourageTests-Info.plist */,
				70F10AAE19706C92002513D1 /* InfoPlist.strings */,
			);
			name = "Supporting Files";
			sourceTree = "<group>";
		};
		70F58CCD1A128F2F004A065E /* Timeline */ = {
			isa = PBXGroup;
			children = (
				70F58CCE1A128F79004A065E /* JHTimelineAPIRequest.h */,
				70F58CCF1A128F79004A065E /* JHTimelineAPIRequest.m */,
				70F58CD11A1291BC004A065E /* JHTimelineAPIResponse.h */,
				70F58CD21A1291BC004A065E /* JHTimelineAPIResponse.m */,
				70F58CDA1A129653004A065E /* JHTimelineAPI.h */,
				70F58CDB1A129653004A065E /* JHTimelineAPI.m */,
			);
			name = Timeline;
			sourceTree = "<group>";
		};
/* End PBXGroup section */

/* Begin PBXNativeTarget section */
		70F10A8819706C92002513D1 /* Encourage */ = {
			isa = PBXNativeTarget;
			buildConfigurationList = 70F10AB519706C92002513D1 /* Build configuration list for PBXNativeTarget "Encourage" */;
			buildPhases = (
				70F10A8519706C92002513D1 /* Sources */,
				70F10A8619706C92002513D1 /* Frameworks */,
				70F10A8719706C92002513D1 /* Resources */,
			);
			buildRules = (
			);
			dependencies = (
			);
			name = Encourage;
			productName = Encourage;
			productReference = 70F10A8919706C92002513D1 /* Encourage.app */;
			productType = "com.apple.product-type.application";
		};
		70F10AA319706C92002513D1 /* EncourageTests */ = {
			isa = PBXNativeTarget;
			buildConfigurationList = 70F10AB819706C92002513D1 /* Build configuration list for PBXNativeTarget "EncourageTests" */;
			buildPhases = (
				70F10AA019706C92002513D1 /* Sources */,
				70F10AA119706C92002513D1 /* Frameworks */,
				70F10AA219706C92002513D1 /* Resources */,
			);
			buildRules = (
			);
			dependencies = (
				70F10AAA19706C92002513D1 /* PBXTargetDependency */,
			);
			name = EncourageTests;
			productName = EncourageTests;
			productReference = 70F10AA419706C92002513D1 /* EncourageTests.xctest */;
			productType = "com.apple.product-type.bundle.unit-test";
		};
/* End PBXNativeTarget section */

/* Begin PBXProject section */
		70F10A8119706C92002513D1 /* Project object */ = {
			isa = PBXProject;
			attributes = {
				CLASSPREFIX = JH;
				LastUpgradeCheck = 0510;
				ORGANIZATIONNAME = "Journey Health Labs";
				TargetAttributes = {
					70F10A8819706C92002513D1 = {
						DevelopmentTeam = H296YBCMSS;
					};
					70F10AA319706C92002513D1 = {
						TestTargetID = 70F10A8819706C92002513D1;
					};
				};
			};
			buildConfigurationList = 70F10A8419706C92002513D1 /* Build configuration list for PBXProject "Encourage" */;
			compatibilityVersion = "Xcode 3.2";
			developmentRegion = English;
			hasScannedForEncodings = 0;
			knownRegions = (
				en,
			);
			mainGroup = 70F10A8019706C92002513D1;
			productRefGroup = 70F10A8A19706C92002513D1 /* Products */;
			projectDirPath = "";
			projectRoot = "";
			targets = (
				70F10A8819706C92002513D1 /* Encourage */,
				70F10AA319706C92002513D1 /* EncourageTests */,
			);
		};
/* End PBXProject section */

/* Begin PBXResourcesBuildPhase section */
		70F10A8719706C92002513D1 /* Resources */ = {
			isa = PBXResourcesBuildPhase;
			buildActionMask = 2147483647;
			files = (
				7039950F1A1CC3A900ECA291 /* not_iconhover@2x.png in Resources */,
				7039950D1A1CC3A900ECA291 /* et_iconhover@2x.png in Resources */,
				7028138E19F8022200643D17 /* password_icon@2x.png in Resources */,
				7028139019F8022200643D17 /* separate_form@2x.png in Resources */,
				7028137A19F8016F00643D17 /* JHRegistrationViewController.xib in Resources */,
				7028137C19F8016F00643D17 /* JHTimelineViewController.xib in Resources */,
				7039950E1A1CC3A900ECA291 /* not_icon@2x.png in Resources */,
				703994CD1A1CA02400ECA291 /* 120x120.png in Resources */,
				70F10A9719706C92002513D1 /* InfoPlist.strings in Resources */,
				703995071A1CC31300ECA291 /* top_header@2x.png in Resources */,
				70F10A9F19706C92002513D1 /* Images.xcassets in Resources */,
				703995111A1CC46E00ECA291 /* menu_select@2x.png in Resources */,
				7028138F19F8022200643D17 /* register_buton@2x.png in Resources */,
				7028137819F8016F00643D17 /* JHLoginViewController.xib in Resources */,
				703994BC1A1C9A0800ECA291 /* page_bg@2x.png in Resources */,
				7028138D19F8022200643D17 /* login_logo@2x.png in Resources */,
				703994C41A1C9CA000ECA291 /* report_butonhover@2x.png in Resources */,
				7028139119F8022200643D17 /* username_icon@2x.png in Resources */,
				703994BE1A1C9AAD00ECA291 /* translucent_bottom@2x.png in Resources */,
				7028138A19F8022200643D17 /* login_bg@2x.png in Resources */,
				7028138C19F8022200643D17 /* login_form@2x.png in Resources */,
				703994D11A1CA02400ECA291 /* 80x80.png in Resources */,
				703994CF1A1CA02400ECA291 /* 50x50.png in Resources */,
				7028138B19F8022200643D17 /* login_buton@2x.png in Resources */,
				703994C31A1C9CA000ECA291 /* report_buton@2x.png in Resources */,
				703994CE1A1CA02400ECA291 /* 44x44.png in Resources */,
				703994CC1A1CA02400ECA291 /* 1024x1024.png in Resources */,
				70C366C919F8712100B5F30B /* Localizable.strings in Resources */,
				703994C01A1C9B5E00ECA291 /* bottom_logo@2x.png in Resources */,
				7075D1211A17ED190095AA05 /* JHTimelineCell.xib in Resources */,
				7039950C1A1CC3A900ECA291 /* et_icon@2x.png in Resources */,
				7028138919F8022200643D17 /* Default@2x.png in Resources */,
				703994D01A1CA02400ECA291 /* 58x58.png in Resources */,
				7028138819F8022200643D17 /* Default-568h@2x.png in Resources */,
				70761A3D1A1DA97B00FE644F /* JHLeftPanelViewController.xib in Resources */,
			);
			runOnlyForDeploymentPostprocessing = 0;
		};
		70F10AA219706C92002513D1 /* Resources */ = {
			isa = PBXResourcesBuildPhase;
			buildActionMask = 2147483647;
			files = (
				70F10AB019706C92002513D1 /* InfoPlist.strings in Resources */,
			);
			runOnlyForDeploymentPostprocessing = 0;
		};
/* End PBXResourcesBuildPhase section */

/* Begin PBXSourcesBuildPhase section */
		70F10A8519706C92002513D1 /* Sources */ = {
			isa = PBXSourcesBuildPhase;
			buildActionMask = 2147483647;
			files = (
				703995001A1CAB8D00ECA291 /* UIImage+GIF.m in Sources */,
				7028139B19F8038700643D17 /* JHBaseRequest.m in Sources */,
				703994F61A1CAB8D00ECA291 /* MKAnnotationView+WebCache.m in Sources */,
				7028136519F8008C00643D17 /* SBJSON.m in Sources */,
				703994FD1A1CAB8D00ECA291 /* SDWebImageManager.m in Sources */,
				7028136019F8008C00643D17 /* ASIInputStream.m in Sources */,
				702813AA19F804EE00643D17 /* JHLoginAPI.m in Sources */,
				7028135D19F8008C00643D17 /* ASIDownloadCache.m in Sources */,
				70F58CDC1A129653004A065E /* JHTimelineAPI.m in Sources */,
				7028139D19F8038700643D17 /* JHError.m in Sources */,
				7028136219F8008C00643D17 /* Reachability.m in Sources */,
				703995021A1CAB8D00ECA291 /* UIImage+WebP.m in Sources */,
				7028135B19F8008C00643D17 /* ASIDataCompressor.m in Sources */,
				702813C219F8287400643D17 /* Utility.m in Sources */,
				70AE03AA1A3A12D600FF3074 /* JHCareTask.m in Sources */,
				702813B819F807C200643D17 /* JHDataManager.m in Sources */,
				7028136819F8008C00643D17 /* SBJsonWriter.m in Sources */,
				70AE03AD1A3A13E000FF3074 /* JHAlert.m in Sources */,
				702813A219F803CB00643D17 /* JHWebService.m in Sources */,
				7028135919F8008C00643D17 /* KVCBaseObject.m in Sources */,
				70761A411A1DBCF600FE644F /* JHLogoutAPIRequest.m in Sources */,
				7028136619F8008C00643D17 /* SBJsonBase.m in Sources */,
				702813AD19F8061700643D17 /* JHAppDelegate.m in Sources */,
				702813B919F807C200643D17 /* JHLocationManager.m in Sources */,
				7028137919F8016F00643D17 /* JHRegistrationViewController.m in Sources */,
				70F58CD01A128F79004A065E /* JHTimelineAPIRequest.m in Sources */,
				7028139C19F8038700643D17 /* JHBaseResponse.m in Sources */,
				70761A3C1A1DA97B00FE644F /* JHLeftPanelViewController.m in Sources */,
				7028135F19F8008C00643D17 /* ASIHTTPRequest.m in Sources */,
				7028135C19F8008C00643D17 /* ASIDataDecompressor.m in Sources */,
				70761A371A1DA6DD00FE644F /* JASidePanelController.m in Sources */,
				703995041A1CAB8D00ECA291 /* UIImageView+WebCache.m in Sources */,
				703994FF1A1CAB8D00ECA291 /* UIButton+WebCache.m in Sources */,
				7028136719F8008C00643D17 /* SBJsonParser.m in Sources */,
				7028137B19F8016F00643D17 /* JHTimelineViewController.m in Sources */,
				703994F81A1CAB8D00ECA291 /* SDImageCache.m in Sources */,
				70761A381A1DA6DD00FE644F /* UIViewController+JASidePanel.m in Sources */,
				703994F91A1CAB8D00ECA291 /* SDWebImageCompat.m in Sources */,
				70F58CD61A1292EB004A065E /* JHTimelineItem.m in Sources */,
				70761A441A1DBD3500FE644F /* JHLogoutAPIResponse.m in Sources */,
				703994FE1A1CAB8D00ECA291 /* SDWebImagePrefetcher.m in Sources */,
				703995011A1CAB8D00ECA291 /* UIImage+MultiFormat.m in Sources */,
				703994FA1A1CAB8D00ECA291 /* SDWebImageDecoder.m in Sources */,
				70761A471A1DBD4800FE644F /* JHLogoutAPI.m in Sources */,
				7028137719F8016F00643D17 /* JHLoginViewController.m in Sources */,
				7028136119F8008C00643D17 /* ASINetworkQueue.m in Sources */,
				70F58CD91A1293FB004A065E /* JHTimelineDetailItem.m in Sources */,
				702813BF19F8084800643D17 /* JHLoginAPIResponse.m in Sources */,
				703995031A1CAB8D00ECA291 /* UIImageView+HighlightedWebCache.m in Sources */,
				703994B91A1C90AB00ECA291 /* MBProgressHUD.m in Sources */,
				702813BC19F8083200643D17 /* JHLoginAPIRequest.m in Sources */,
				703994BA1A1C90AB00ECA291 /* JHHudController.m in Sources */,
				7028136C19F800FB00643D17 /* JHBaseAPI.m in Sources */,
				7028135A19F8008C00643D17 /* ASIAuthenticationDialog.m in Sources */,
				7028136419F8008C00643D17 /* NSString+SBJSON.m in Sources */,
				70C366CC19F9708800B5F30B /* JHBaseViewController.m in Sources */,
				703995051A1CAB8D00ECA291 /* UIView+WebCacheOperation.m in Sources */,
				7075D1201A17ED190095AA05 /* JHTimelineCell.m in Sources */,
				7028135E19F8008C00643D17 /* ASIFormDataRequest.m in Sources */,
				702813B719F807C200643D17 /* JHActivityManager.m in Sources */,
				703994F71A1CAB8D00ECA291 /* NSData+ImageContentType.m in Sources */,
				7028136319F8008C00643D17 /* NSObject+SBJSON.m in Sources */,
				70F10A9919706C92002513D1 /* main.m in Sources */,
				703994FC1A1CAB8D00ECA291 /* SDWebImageDownloaderOperation.m in Sources */,
				7028139E19F8038700643D17 /* JHResponeMessage.m in Sources */,
				703994FB1A1CAB8D00ECA291 /* SDWebImageDownloader.m in Sources */,
				70F58CD31A1291BC004A065E /* JHTimelineAPIResponse.m in Sources */,
			);
			runOnlyForDeploymentPostprocessing = 0;
		};
		70F10AA019706C92002513D1 /* Sources */ = {
			isa = PBXSourcesBuildPhase;
			buildActionMask = 2147483647;
			files = (
				70F10AB219706C92002513D1 /* EncourageTests.m in Sources */,
			);
			runOnlyForDeploymentPostprocessing = 0;
		};
/* End PBXSourcesBuildPhase section */

/* Begin PBXTargetDependency section */
		70F10AAA19706C92002513D1 /* PBXTargetDependency */ = {
			isa = PBXTargetDependency;
			target = 70F10A8819706C92002513D1 /* Encourage */;
			targetProxy = 70F10AA919706C92002513D1 /* PBXContainerItemProxy */;
		};
/* End PBXTargetDependency section */

/* Begin PBXVariantGroup section */
		70F10A9519706C92002513D1 /* InfoPlist.strings */ = {
			isa = PBXVariantGroup;
			children = (
				70F10A9619706C92002513D1 /* en */,
			);
			name = InfoPlist.strings;
			sourceTree = "<group>";
		};
		70F10AAE19706C92002513D1 /* InfoPlist.strings */ = {
			isa = PBXVariantGroup;
			children = (
				70F10AAF19706C92002513D1 /* en */,
			);
			name = InfoPlist.strings;
			sourceTree = "<group>";
		};
/* End PBXVariantGroup section */

/* Begin XCBuildConfiguration section */
		70F10AB319706C92002513D1 /* Debug */ = {
			isa = XCBuildConfiguration;
			buildSettings = {
				ALWAYS_SEARCH_USER_PATHS = NO;
				CLANG_CXX_LANGUAGE_STANDARD = "gnu++0x";
				CLANG_CXX_LIBRARY = "libc++";
				CLANG_ENABLE_MODULES = YES;
				CLANG_ENABLE_OBJC_ARC = YES;
				CLANG_WARN_BOOL_CONVERSION = YES;
				CLANG_WARN_CONSTANT_CONVERSION = YES;
				CLANG_WARN_DIRECT_OBJC_ISA_USAGE = YES_ERROR;
				CLANG_WARN_EMPTY_BODY = YES;
				CLANG_WARN_ENUM_CONVERSION = YES;
				CLANG_WARN_INT_CONVERSION = YES;
				CLANG_WARN_OBJC_ROOT_CLASS = YES_ERROR;
				CLANG_WARN__DUPLICATE_METHOD_MATCH = YES;
				"CODE_SIGN_IDENTITY[sdk=iphoneos*]" = "iPhone Developer";
				COPY_PHASE_STRIP = NO;
				GCC_C_LANGUAGE_STANDARD = gnu99;
				GCC_DYNAMIC_NO_PIC = NO;
				GCC_OPTIMIZATION_LEVEL = 0;
				GCC_PREPROCESSOR_DEFINITIONS = (
					"DEBUG=1",
					"$(inherited)",
				);
				GCC_SYMBOLS_PRIVATE_EXTERN = NO;
				GCC_WARN_64_TO_32_BIT_CONVERSION = YES;
				GCC_WARN_ABOUT_RETURN_TYPE = YES_ERROR;
				GCC_WARN_UNDECLARED_SELECTOR = YES;
				GCC_WARN_UNINITIALIZED_AUTOS = YES_AGGRESSIVE;
				GCC_WARN_UNUSED_FUNCTION = YES;
				GCC_WARN_UNUSED_VARIABLE = YES;
				IPHONEOS_DEPLOYMENT_TARGET = 7.1;
				ONLY_ACTIVE_ARCH = YES;
				SDKROOT = iphoneos;
			};
			name = Debug;
		};
		70F10AB419706C92002513D1 /* Release */ = {
			isa = XCBuildConfiguration;
			buildSettings = {
				ALWAYS_SEARCH_USER_PATHS = NO;
				CLANG_CXX_LANGUAGE_STANDARD = "gnu++0x";
				CLANG_CXX_LIBRARY = "libc++";
				CLANG_ENABLE_MODULES = YES;
				CLANG_ENABLE_OBJC_ARC = YES;
				CLANG_WARN_BOOL_CONVERSION = YES;
				CLANG_WARN_CONSTANT_CONVERSION = YES;
				CLANG_WARN_DIRECT_OBJC_ISA_USAGE = YES_ERROR;
				CLANG_WARN_EMPTY_BODY = YES;
				CLANG_WARN_ENUM_CONVERSION = YES;
				CLANG_WARN_INT_CONVERSION = YES;
				CLANG_WARN_OBJC_ROOT_CLASS = YES_ERROR;
				CLANG_WARN__DUPLICATE_METHOD_MATCH = YES;
				"CODE_SIGN_IDENTITY[sdk=iphoneos*]" = "iPhone Developer";
				COPY_PHASE_STRIP = YES;
				ENABLE_NS_ASSERTIONS = NO;
				GCC_C_LANGUAGE_STANDARD = gnu99;
				GCC_WARN_64_TO_32_BIT_CONVERSION = YES;
				GCC_WARN_ABOUT_RETURN_TYPE = YES_ERROR;
				GCC_WARN_UNDECLARED_SELECTOR = YES;
				GCC_WARN_UNINITIALIZED_AUTOS = YES_AGGRESSIVE;
				GCC_WARN_UNUSED_FUNCTION = YES;
				GCC_WARN_UNUSED_VARIABLE = YES;
				IPHONEOS_DEPLOYMENT_TARGET = 7.1;
				SDKROOT = iphoneos;
				VALIDATE_PRODUCT = YES;
			};
			name = Release;
		};
		70F10AB619706C92002513D1 /* Debug */ = {
			isa = XCBuildConfiguration;
			buildSettings = {
				ASSETCATALOG_COMPILER_APPICON_NAME = AppIcon;
				ASSETCATALOG_COMPILER_LAUNCHIMAGE_NAME = LaunchImage;
				CODE_SIGN_IDENTITY = "iPhone Developer: Anil Thomas (95B2Y8N4VC)";
				"CODE_SIGN_IDENTITY[sdk=iphoneos*]" = "iPhone Developer: Anil Thomas (95B2Y8N4VC)";
				GCC_PRECOMPILE_PREFIX_HEADER = YES;
				GCC_PREFIX_HEADER = "Encourage/Encourage-Prefix.pch";
				INFOPLIST_FILE = "Encourage/Encourage-Info.plist";
				IPHONEOS_DEPLOYMENT_TARGET = 7.1;
				PRODUCT_NAME = "$(TARGET_NAME)";
				PROVISIONING_PROFILE = "61f7c4d0-cef2-44a8-b275-b05550b657dd";
				WRAPPER_EXTENSION = app;
			};
			name = Debug;
		};
		70F10AB719706C92002513D1 /* Release */ = {
			isa = XCBuildConfiguration;
			buildSettings = {
				ASSETCATALOG_COMPILER_APPICON_NAME = AppIcon;
				ASSETCATALOG_COMPILER_LAUNCHIMAGE_NAME = LaunchImage;
				CODE_SIGN_IDENTITY = "iPhone Developer: Anil Thomas (95B2Y8N4VC)";
				"CODE_SIGN_IDENTITY[sdk=iphoneos*]" = "iPhone Developer: Anil Thomas (95B2Y8N4VC)";
				GCC_PRECOMPILE_PREFIX_HEADER = YES;
				GCC_PREFIX_HEADER = "Encourage/Encourage-Prefix.pch";
				INFOPLIST_FILE = "Encourage/Encourage-Info.plist";
				IPHONEOS_DEPLOYMENT_TARGET = 7.1;
				PRODUCT_NAME = "$(TARGET_NAME)";
				PROVISIONING_PROFILE = "61f7c4d0-cef2-44a8-b275-b05550b657dd";
				WRAPPER_EXTENSION = app;
			};
			name = Release;
		};
		70F10AB919706C92002513D1 /* Debug */ = {
			isa = XCBuildConfiguration;
			buildSettings = {
				BUNDLE_LOADER = "$(BUILT_PRODUCTS_DIR)/Encourage.app/Encourage";
				FRAMEWORK_SEARCH_PATHS = (
					"$(SDKROOT)/Developer/Library/Frameworks",
					"$(inherited)",
					"$(DEVELOPER_FRAMEWORKS_DIR)",
				);
				GCC_PRECOMPILE_PREFIX_HEADER = YES;
				GCC_PREFIX_HEADER = "Encourage/Encourage-Prefix.pch";
				GCC_PREPROCESSOR_DEFINITIONS = (
					"DEBUG=1",
					"$(inherited)",
				);
				INFOPLIST_FILE = "EncourageTests/EncourageTests-Info.plist";
				PRODUCT_NAME = "$(TARGET_NAME)";
				TEST_HOST = "$(BUNDLE_LOADER)";
				WRAPPER_EXTENSION = xctest;
			};
			name = Debug;
		};
		70F10ABA19706C92002513D1 /* Release */ = {
			isa = XCBuildConfiguration;
			buildSettings = {
				BUNDLE_LOADER = "$(BUILT_PRODUCTS_DIR)/Encourage.app/Encourage";
				FRAMEWORK_SEARCH_PATHS = (
					"$(SDKROOT)/Developer/Library/Frameworks",
					"$(inherited)",
					"$(DEVELOPER_FRAMEWORKS_DIR)",
				);
				GCC_PRECOMPILE_PREFIX_HEADER = YES;
				GCC_PREFIX_HEADER = "Encourage/Encourage-Prefix.pch";
				INFOPLIST_FILE = "EncourageTests/EncourageTests-Info.plist";
				PRODUCT_NAME = "$(TARGET_NAME)";
				TEST_HOST = "$(BUNDLE_LOADER)";
				WRAPPER_EXTENSION = xctest;
			};
			name = Release;
		};
/* End XCBuildConfiguration section */

/* Begin XCConfigurationList section */
		70F10A8419706C92002513D1 /* Build configuration list for PBXProject "Encourage" */ = {
			isa = XCConfigurationList;
			buildConfigurations = (
				70F10AB319706C92002513D1 /* Debug */,
				70F10AB419706C92002513D1 /* Release */,
			);
			defaultConfigurationIsVisible = 0;
			defaultConfigurationName = Release;
		};
		70F10AB519706C92002513D1 /* Build configuration list for PBXNativeTarget "Encourage" */ = {
			isa = XCConfigurationList;
			buildConfigurations = (
				70F10AB619706C92002513D1 /* Debug */,
				70F10AB719706C92002513D1 /* Release */,
			);
			defaultConfigurationIsVisible = 0;
			defaultConfigurationName = Release;
		};
		70F10AB819706C92002513D1 /* Build configuration list for PBXNativeTarget "EncourageTests" */ = {
			isa = XCConfigurationList;
			buildConfigurations = (
				70F10AB919706C92002513D1 /* Debug */,
				70F10ABA19706C92002513D1 /* Release */,
			);
			defaultConfigurationIsVisible = 0;
			defaultConfigurationName = Release;
		};
/* End XCConfigurationList section */
	};
	rootObject = 70F10A8119706C92002513D1 /* Project object */;
}
